// !$*UTF8*$!
{
	archiveVersion = 1;
	classes = {
	};
	objectVersion = 56;
	objects = {

/* Begin PBXBuildFile section */
		8B2A2B632CCA28480086D3AD /* Base64Test.swift in Sources */ = {isa = PBXBuildFile; fileRef = 8B2A2B582CCA28480086D3AD /* Base64Test.swift */; };
		8B2A2B642CCA28480086D3AD /* SHA2Test.swift in Sources */ = {isa = PBXBuildFile; fileRef = 8B2A2B592CCA28480086D3AD /* SHA2Test.swift */; };
		8B2A2B652CCA28480086D3AD /* SHA3Test.swift in Sources */ = {isa = PBXBuildFile; fileRef = 8B2A2B5A2CCA28480086D3AD /* SHA3Test.swift */; };
		8B2A2B662CCA28480086D3AD /* Util.swift in Sources */ = {isa = PBXBuildFile; fileRef = 8B2A2B5B2CCA28480086D3AD /* Util.swift */; };
		8B2A2B672CCA28480086D3AD /* XOFTest.swift in Sources */ = {isa = PBXBuildFile; fileRef = 8B2A2B5C2CCA28480086D3AD /* XOFTest.swift */; };
		8B2A2B682CCA28480086D3AD /* SHA1Test.swift in Sources */ = {isa = PBXBuildFile; fileRef = 8B2A2B5D2CCA28480086D3AD /* SHA1Test.swift */; };
		8B2A2B692CCA28480086D3AD /* HKDFTest.swift in Sources */ = {isa = PBXBuildFile; fileRef = 8B2A2B5E2CCA28480086D3AD /* HKDFTest.swift */; };
		8B2A2B6A2CCA28480086D3AD /* HMACTest.swift in Sources */ = {isa = PBXBuildFile; fileRef = 8B2A2B5F2CCA28480086D3AD /* HMACTest.swift */; };
		8B2A2B6B2CCA28480086D3AD /* SHAKETest.swift in Sources */ = {isa = PBXBuildFile; fileRef = 8B2A2B602CCA28480086D3AD /* SHAKETest.swift */; };
		8B2A2B6C2CCA28480086D3AD /* MGF1Test.swift in Sources */ = {isa = PBXBuildFile; fileRef = 8B2A2B612CCA28480086D3AD /* MGF1Test.swift */; };
		8B2A2B6D2CCA28480086D3AD /* Hex2BytesTest.swift in Sources */ = {isa = PBXBuildFile; fileRef = 8B2A2B622CCA28480086D3AD /* Hex2BytesTest.swift */; };
		8B2A2B792CCA288F0086D3AD /* SHAKE.swift in Sources */ = {isa = PBXBuildFile; fileRef = 8B2A2B772CCA28830086D3AD /* SHAKE.swift */; };
		8B2A2B7A2CCA288F0086D3AD /* KDF.swift in Sources */ = {isa = PBXBuildFile; fileRef = 8B2A2B782CCA28830086D3AD /* KDF.swift */; };
		8B2A2B7B2CCA288F0086D3AD /* SHA1.swift in Sources */ = {isa = PBXBuildFile; fileRef = 8B2A2B712CCA28820086D3AD /* SHA1.swift */; };
		8B2A2B7C2CCA288F0086D3AD /* Base64.swift in Sources */ = {isa = PBXBuildFile; fileRef = 8B2A2B6F2CCA28820086D3AD /* Base64.swift */; };
		8B2A2B7D2CCA288F0086D3AD /* PrivacyInfo.xcprivacy in Resources */ = {isa = PBXBuildFile; fileRef = 8B2A2B732CCA28820086D3AD /* PrivacyInfo.xcprivacy */; };
		8B2A2B7E2CCA288F0086D3AD /* HMAC.swift in Sources */ = {isa = PBXBuildFile; fileRef = 8B2A2B742CCA28820086D3AD /* HMAC.swift */; };
		8B2A2B7F2CCA288F0086D3AD /* SHA3.swift in Sources */ = {isa = PBXBuildFile; fileRef = 8B2A2B702CCA28820086D3AD /* SHA3.swift */; };
		8B2A2B802CCA288F0086D3AD /* MD.swift in Sources */ = {isa = PBXBuildFile; fileRef = 8B2A2B752CCA28820086D3AD /* MD.swift */; };
		8B2A2B812CCA288F0086D3AD /* SHA2.swift in Sources */ = {isa = PBXBuildFile; fileRef = 8B2A2B722CCA28820086D3AD /* SHA2.swift */; };
		8B2A2B822CCA288F0086D3AD /* XOF.swift in Sources */ = {isa = PBXBuildFile; fileRef = 8B2A2B6E2CCA28820086D3AD /* XOF.swift */; };
		8BFE64482C78927000DF770C /* Digest.framework in Frameworks */ = {isa = PBXBuildFile; fileRef = 8BFE643F2C78927000DF770C /* Digest.framework */; };
		8BFE64672C7892E200DF770C /* Digest.h in Headers */ = {isa = PBXBuildFile; fileRef = 8BFE64582C7892E200DF770C /* Digest.h */; settings = {ATTRIBUTES = (Public, ); }; };
/* End PBXBuildFile section */

/* Begin PBXContainerItemProxy section */
		8BFE64492C78927000DF770C /* PBXContainerItemProxy */ = {
			isa = PBXContainerItemProxy;
			containerPortal = 8BFE64362C78927000DF770C /* Project object */;
			proxyType = 1;
			remoteGlobalIDString = 8BFE643E2C78927000DF770C;
			remoteInfo = Digest;
		};
/* End PBXContainerItemProxy section */

/* Begin PBXFileReference section */
		8B2A2B582CCA28480086D3AD /* Base64Test.swift */ = {isa = PBXFileReference; fileEncoding = 4; lastKnownFileType = sourcecode.swift; path = Base64Test.swift; sourceTree = "<group>"; };
		8B2A2B592CCA28480086D3AD /* SHA2Test.swift */ = {isa = PBXFileReference; fileEncoding = 4; lastKnownFileType = sourcecode.swift; path = SHA2Test.swift; sourceTree = "<group>"; };
		8B2A2B5A2CCA28480086D3AD /* SHA3Test.swift */ = {isa = PBXFileReference; fileEncoding = 4; lastKnownFileType = sourcecode.swift; path = SHA3Test.swift; sourceTree = "<group>"; };
		8B2A2B5B2CCA28480086D3AD /* Util.swift */ = {isa = PBXFileReference; fileEncoding = 4; lastKnownFileType = sourcecode.swift; path = Util.swift; sourceTree = "<group>"; };
		8B2A2B5C2CCA28480086D3AD /* XOFTest.swift */ = {isa = PBXFileReference; fileEncoding = 4; lastKnownFileType = sourcecode.swift; path = XOFTest.swift; sourceTree = "<group>"; };
		8B2A2B5D2CCA28480086D3AD /* SHA1Test.swift */ = {isa = PBXFileReference; fileEncoding = 4; lastKnownFileType = sourcecode.swift; path = SHA1Test.swift; sourceTree = "<group>"; };
		8B2A2B5E2CCA28480086D3AD /* HKDFTest.swift */ = {isa = PBXFileReference; fileEncoding = 4; lastKnownFileType = sourcecode.swift; path = HKDFTest.swift; sourceTree = "<group>"; };
		8B2A2B5F2CCA28480086D3AD /* HMACTest.swift */ = {isa = PBXFileReference; fileEncoding = 4; lastKnownFileType = sourcecode.swift; path = HMACTest.swift; sourceTree = "<group>"; };
		8B2A2B602CCA28480086D3AD /* SHAKETest.swift */ = {isa = PBXFileReference; fileEncoding = 4; lastKnownFileType = sourcecode.swift; path = SHAKETest.swift; sourceTree = "<group>"; };
		8B2A2B612CCA28480086D3AD /* MGF1Test.swift */ = {isa = PBXFileReference; fileEncoding = 4; lastKnownFileType = sourcecode.swift; path = MGF1Test.swift; sourceTree = "<group>"; };
		8B2A2B622CCA28480086D3AD /* Hex2BytesTest.swift */ = {isa = PBXFileReference; fileEncoding = 4; lastKnownFileType = sourcecode.swift; path = Hex2BytesTest.swift; sourceTree = "<group>"; };
		8B2A2B6E2CCA28820086D3AD /* XOF.swift */ = {isa = PBXFileReference; lastKnownFileType = sourcecode.swift; path = XOF.swift; sourceTree = "<group>"; };
		8B2A2B6F2CCA28820086D3AD /* Base64.swift */ = {isa = PBXFileReference; lastKnownFileType = sourcecode.swift; path = Base64.swift; sourceTree = "<group>"; };
		8B2A2B702CCA28820086D3AD /* SHA3.swift */ = {isa = PBXFileReference; lastKnownFileType = sourcecode.swift; path = SHA3.swift; sourceTree = "<group>"; };
		8B2A2B712CCA28820086D3AD /* SHA1.swift */ = {isa = PBXFileReference; lastKnownFileType = sourcecode.swift; path = SHA1.swift; sourceTree = "<group>"; };
		8B2A2B722CCA28820086D3AD /* SHA2.swift */ = {isa = PBXFileReference; lastKnownFileType = sourcecode.swift; path = SHA2.swift; sourceTree = "<group>"; };
		8B2A2B732CCA28820086D3AD /* PrivacyInfo.xcprivacy */ = {isa = PBXFileReference; lastKnownFileType = text.xml; path = PrivacyInfo.xcprivacy; sourceTree = "<group>"; };
		8B2A2B742CCA28820086D3AD /* HMAC.swift */ = {isa = PBXFileReference; lastKnownFileType = sourcecode.swift; path = HMAC.swift; sourceTree = "<group>"; };
		8B2A2B752CCA28820086D3AD /* MD.swift */ = {isa = PBXFileReference; lastKnownFileType = sourcecode.swift; path = MD.swift; sourceTree = "<group>"; };
		8B2A2B762CCA28830086D3AD /* Digest.docc */ = {isa = PBXFileReference; lastKnownFileType = folder.documentationcatalog; path = Digest.docc; sourceTree = "<group>"; };
		8B2A2B772CCA28830086D3AD /* SHAKE.swift */ = {isa = PBXFileReference; lastKnownFileType = sourcecode.swift; path = SHAKE.swift; sourceTree = "<group>"; };
		8B2A2B782CCA28830086D3AD /* KDF.swift */ = {isa = PBXFileReference; lastKnownFileType = sourcecode.swift; path = KDF.swift; sourceTree = "<group>"; };
		8BFE643F2C78927000DF770C /* Digest.framework */ = {isa = PBXFileReference; explicitFileType = wrapper.framework; includeInIndex = 0; path = Digest.framework; sourceTree = BUILT_PRODUCTS_DIR; };
		8BFE64472C78927000DF770C /* DigestTests.xctest */ = {isa = PBXFileReference; explicitFileType = wrapper.cfbundle; includeInIndex = 0; path = DigestTests.xctest; sourceTree = BUILT_PRODUCTS_DIR; };
		8BFE64582C7892E200DF770C /* Digest.h */ = {isa = PBXFileReference; fileEncoding = 4; lastKnownFileType = sourcecode.c.h; path = Digest.h; sourceTree = "<group>"; };
		8BFE648F2C78934600DF770C /* LICENSE */ = {isa = PBXFileReference; lastKnownFileType = text; path = LICENSE; sourceTree = "<group>"; };
		8BFE64902C78934600DF770C /* Package.swift */ = {isa = PBXFileReference; lastKnownFileType = sourcecode.swift; path = Package.swift; sourceTree = "<group>"; };
		8BFE64912C78934600DF770C /* README.md */ = {isa = PBXFileReference; lastKnownFileType = net.daringfireball.markdown; path = README.md; sourceTree = "<group>"; };
		8BFE64932C78935100DF770C /* .gitignore */ = {isa = PBXFileReference; lastKnownFileType = text; path = .gitignore; sourceTree = "<group>"; };
		8BFE64942C78935100DF770C /* Digest.podspec */ = {isa = PBXFileReference; lastKnownFileType = text; path = Digest.podspec; sourceTree = "<group>"; };
/* End PBXFileReference section */

/* Begin PBXFrameworksBuildPhase section */
		8BFE643C2C78927000DF770C /* Frameworks */ = {
			isa = PBXFrameworksBuildPhase;
			buildActionMask = 2147483647;
			files = (
			);
			runOnlyForDeploymentPostprocessing = 0;
		};
		8BFE64442C78927000DF770C /* Frameworks */ = {
			isa = PBXFrameworksBuildPhase;
			buildActionMask = 2147483647;
			files = (
				8BFE64482C78927000DF770C /* Digest.framework in Frameworks */,
			);
			runOnlyForDeploymentPostprocessing = 0;
		};
/* End PBXFrameworksBuildPhase section */

/* Begin PBXGroup section */
		8BFE64352C78927000DF770C = {
			isa = PBXGroup;
			children = (
				8BFE64572C7892E200DF770C /* Sources */,
				8BFE64752C78933600DF770C /* Tests */,
				8BFE64932C78935100DF770C /* .gitignore */,
				8BFE648F2C78934600DF770C /* LICENSE */,
				8BFE64912C78934600DF770C /* README.md */,
				8BFE64942C78935100DF770C /* Digest.podspec */,
				8BFE64902C78934600DF770C /* Package.swift */,
				8BFE64402C78927000DF770C /* Products */,
			);
			sourceTree = "<group>";
		};
		8BFE64402C78927000DF770C /* Products */ = {
			isa = PBXGroup;
			children = (
				8BFE643F2C78927000DF770C /* Digest.framework */,
				8BFE64472C78927000DF770C /* DigestTests.xctest */,
			);
			name = Products;
			sourceTree = "<group>";
		};
		8BFE64572C7892E200DF770C /* Sources */ = {
			isa = PBXGroup;
			children = (
				8BFE64592C7892E200DF770C /* Digest */,
				8BFE64582C7892E200DF770C /* Digest.h */,
			);
			path = Sources;
			sourceTree = "<group>";
		};
		8BFE64592C7892E200DF770C /* Digest */ = {
			isa = PBXGroup;
			children = (
				8B2A2B762CCA28830086D3AD /* Digest.docc */,
				8B2A2B732CCA28820086D3AD /* PrivacyInfo.xcprivacy */,
				8B2A2B6F2CCA28820086D3AD /* Base64.swift */,
				8B2A2B742CCA28820086D3AD /* HMAC.swift */,
				8B2A2B782CCA28830086D3AD /* KDF.swift */,
				8B2A2B752CCA28820086D3AD /* MD.swift */,
				8B2A2B712CCA28820086D3AD /* SHA1.swift */,
				8B2A2B722CCA28820086D3AD /* SHA2.swift */,
				8B2A2B702CCA28820086D3AD /* SHA3.swift */,
				8B2A2B772CCA28830086D3AD /* SHAKE.swift */,
				8B2A2B6E2CCA28820086D3AD /* XOF.swift */,
			);
			path = Digest;
			sourceTree = "<group>";
		};
		8BFE64752C78933600DF770C /* Tests */ = {
			isa = PBXGroup;
			children = (
				8BFE64762C78933600DF770C /* DigestTests */,
			);
			path = Tests;
			sourceTree = "<group>";
		};
		8BFE64762C78933600DF770C /* DigestTests */ = {
			isa = PBXGroup;
			children = (
				8B2A2B582CCA28480086D3AD /* Base64Test.swift */,
				8B2A2B622CCA28480086D3AD /* Hex2BytesTest.swift */,
				8B2A2B5E2CCA28480086D3AD /* HKDFTest.swift */,
				8B2A2B5F2CCA28480086D3AD /* HMACTest.swift */,
				8B2A2B612CCA28480086D3AD /* MGF1Test.swift */,
				8B2A2B5D2CCA28480086D3AD /* SHA1Test.swift */,
				8B2A2B592CCA28480086D3AD /* SHA2Test.swift */,
				8B2A2B5A2CCA28480086D3AD /* SHA3Test.swift */,
				8B2A2B602CCA28480086D3AD /* SHAKETest.swift */,
				8B2A2B5B2CCA28480086D3AD /* Util.swift */,
				8B2A2B5C2CCA28480086D3AD /* XOFTest.swift */,
			);
			path = DigestTests;
			sourceTree = "<group>";
		};
/* End PBXGroup section */

/* Begin PBXHeadersBuildPhase section */
		8BFE643A2C78927000DF770C /* Headers */ = {
			isa = PBXHeadersBuildPhase;
			buildActionMask = 2147483647;
			files = (
				8BFE64672C7892E200DF770C /* Digest.h in Headers */,
			);
			runOnlyForDeploymentPostprocessing = 0;
		};
/* End PBXHeadersBuildPhase section */

/* Begin PBXNativeTarget section */
		8BFE643E2C78927000DF770C /* Digest */ = {
			isa = PBXNativeTarget;
			buildConfigurationList = 8BFE64512C78927000DF770C /* Build configuration list for PBXNativeTarget "Digest" */;
			buildPhases = (
				8BFE643A2C78927000DF770C /* Headers */,
				8BFE643B2C78927000DF770C /* Sources */,
				8BFE643C2C78927000DF770C /* Frameworks */,
				8BFE643D2C78927000DF770C /* Resources */,
			);
			buildRules = (
			);
			dependencies = (
			);
			name = Digest;
			productName = Digest;
			productReference = 8BFE643F2C78927000DF770C /* Digest.framework */;
			productType = "com.apple.product-type.framework";
		};
		8BFE64462C78927000DF770C /* DigestTests */ = {
			isa = PBXNativeTarget;
			buildConfigurationList = 8BFE64542C78927000DF770C /* Build configuration list for PBXNativeTarget "DigestTests" */;
			buildPhases = (
				8BFE64432C78927000DF770C /* Sources */,
				8BFE64442C78927000DF770C /* Frameworks */,
				8BFE64452C78927000DF770C /* Resources */,
			);
			buildRules = (
			);
			dependencies = (
				8BFE644A2C78927000DF770C /* PBXTargetDependency */,
			);
			name = DigestTests;
			productName = DigestTests;
			productReference = 8BFE64472C78927000DF770C /* DigestTests.xctest */;
			productType = "com.apple.product-type.bundle.unit-test";
		};
/* End PBXNativeTarget section */

/* Begin PBXProject section */
		8BFE64362C78927000DF770C /* Project object */ = {
			isa = PBXProject;
			attributes = {
				BuildIndependentTargetsInParallel = 1;
				LastSwiftUpdateCheck = 1520;
				LastUpgradeCheck = 1520;
				TargetAttributes = {
					8BFE643E2C78927000DF770C = {
						CreatedOnToolsVersion = 15.2;
					};
					8BFE64462C78927000DF770C = {
						CreatedOnToolsVersion = 15.2;
						LastSwiftMigration = 1520;
					};
				};
			};
			buildConfigurationList = 8BFE64392C78927000DF770C /* Build configuration list for PBXProject "Digest" */;
			compatibilityVersion = "Xcode 14.0";
			developmentRegion = en;
			hasScannedForEncodings = 0;
			knownRegions = (
				en,
				Base,
			);
			mainGroup = 8BFE64352C78927000DF770C;
			productRefGroup = 8BFE64402C78927000DF770C /* Products */;
			projectDirPath = "";
			projectRoot = "";
			targets = (
				8BFE643E2C78927000DF770C /* Digest */,
				8BFE64462C78927000DF770C /* DigestTests */,
			);
		};
/* End PBXProject section */

/* Begin PBXResourcesBuildPhase section */
		8BFE643D2C78927000DF770C /* Resources */ = {
			isa = PBXResourcesBuildPhase;
			buildActionMask = 2147483647;
			files = (
				8B2A2B7D2CCA288F0086D3AD /* PrivacyInfo.xcprivacy in Resources */,
			);
			runOnlyForDeploymentPostprocessing = 0;
		};
		8BFE64452C78927000DF770C /* Resources */ = {
			isa = PBXResourcesBuildPhase;
			buildActionMask = 2147483647;
			files = (
			);
			runOnlyForDeploymentPostprocessing = 0;
		};
/* End PBXResourcesBuildPhase section */

/* Begin PBXSourcesBuildPhase section */
		8BFE643B2C78927000DF770C /* Sources */ = {
			isa = PBXSourcesBuildPhase;
			buildActionMask = 2147483647;
			files = (
				8B2A2B7C2CCA288F0086D3AD /* Base64.swift in Sources */,
				8B2A2B7E2CCA288F0086D3AD /* HMAC.swift in Sources */,
				8B2A2B802CCA288F0086D3AD /* MD.swift in Sources */,
				8B2A2B812CCA288F0086D3AD /* SHA2.swift in Sources */,
				8B2A2B7F2CCA288F0086D3AD /* SHA3.swift in Sources */,
				8B2A2B792CCA288F0086D3AD /* SHAKE.swift in Sources */,
				8B2A2B7A2CCA288F0086D3AD /* KDF.swift in Sources */,
				8B2A2B822CCA288F0086D3AD /* XOF.swift in Sources */,
				8B2A2B7B2CCA288F0086D3AD /* SHA1.swift in Sources */,
			);
			runOnlyForDeploymentPostprocessing = 0;
		};
		8BFE64432C78927000DF770C /* Sources */ = {
			isa = PBXSourcesBuildPhase;
			buildActionMask = 2147483647;
			files = (
				8B2A2B692CCA28480086D3AD /* HKDFTest.swift in Sources */,
				8B2A2B632CCA28480086D3AD /* Base64Test.swift in Sources */,
				8B2A2B6C2CCA28480086D3AD /* MGF1Test.swift in Sources */,
				8B2A2B6D2CCA28480086D3AD /* Hex2BytesTest.swift in Sources */,
				8B2A2B6A2CCA28480086D3AD /* HMACTest.swift in Sources */,
				8B2A2B652CCA28480086D3AD /* SHA3Test.swift in Sources */,
				8B2A2B682CCA28480086D3AD /* SHA1Test.swift in Sources */,
				8B2A2B642CCA28480086D3AD /* SHA2Test.swift in Sources */,
				8B2A2B662CCA28480086D3AD /* Util.swift in Sources */,
				8B2A2B6B2CCA28480086D3AD /* SHAKETest.swift in Sources */,
				8B2A2B672CCA28480086D3AD /* XOFTest.swift in Sources */,
			);
			runOnlyForDeploymentPostprocessing = 0;
		};
/* End PBXSourcesBuildPhase section */

/* Begin PBXTargetDependency section */
		8BFE644A2C78927000DF770C /* PBXTargetDependency */ = {
			isa = PBXTargetDependency;
			target = 8BFE643E2C78927000DF770C /* Digest */;
			targetProxy = 8BFE64492C78927000DF770C /* PBXContainerItemProxy */;
		};
/* End PBXTargetDependency section */

/* Begin XCBuildConfiguration section */
		8BFE644F2C78927000DF770C /* Debug */ = {
			isa = XCBuildConfiguration;
			buildSettings = {
				ALWAYS_SEARCH_USER_PATHS = NO;
				ASSETCATALOG_COMPILER_GENERATE_SWIFT_ASSET_SYMBOL_EXTENSIONS = YES;
				CLANG_ANALYZER_NONNULL = YES;
				CLANG_ANALYZER_NUMBER_OBJECT_CONVERSION = YES_AGGRESSIVE;
				CLANG_CXX_LANGUAGE_STANDARD = "gnu++20";
				CLANG_ENABLE_MODULES = YES;
				CLANG_ENABLE_OBJC_ARC = YES;
				CLANG_ENABLE_OBJC_WEAK = YES;
				CLANG_WARN_BLOCK_CAPTURE_AUTORELEASING = YES;
				CLANG_WARN_BOOL_CONVERSION = YES;
				CLANG_WARN_COMMA = YES;
				CLANG_WARN_CONSTANT_CONVERSION = YES;
				CLANG_WARN_DEPRECATED_OBJC_IMPLEMENTATIONS = YES;
				CLANG_WARN_DIRECT_OBJC_ISA_USAGE = YES_ERROR;
				CLANG_WARN_DOCUMENTATION_COMMENTS = YES;
				CLANG_WARN_EMPTY_BODY = YES;
				CLANG_WARN_ENUM_CONVERSION = YES;
				CLANG_WARN_INFINITE_RECURSION = YES;
				CLANG_WARN_INT_CONVERSION = YES;
				CLANG_WARN_NON_LITERAL_NULL_CONVERSION = YES;
				CLANG_WARN_OBJC_IMPLICIT_RETAIN_SELF = YES;
				CLANG_WARN_OBJC_LITERAL_CONVERSION = YES;
				CLANG_WARN_OBJC_ROOT_CLASS = YES_ERROR;
				CLANG_WARN_QUOTED_INCLUDE_IN_FRAMEWORK_HEADER = YES;
				CLANG_WARN_RANGE_LOOP_ANALYSIS = YES;
				CLANG_WARN_STRICT_PROTOTYPES = YES;
				CLANG_WARN_SUSPICIOUS_MOVE = YES;
				CLANG_WARN_UNGUARDED_AVAILABILITY = YES_AGGRESSIVE;
				CLANG_WARN_UNREACHABLE_CODE = YES;
				CLANG_WARN__DUPLICATE_METHOD_MATCH = YES;
				COPY_PHASE_STRIP = NO;
				CURRENT_PROJECT_VERSION = 1;
				DEBUG_INFORMATION_FORMAT = dwarf;
				ENABLE_STRICT_OBJC_MSGSEND = YES;
				ENABLE_TESTABILITY = YES;
				ENABLE_USER_SCRIPT_SANDBOXING = YES;
				GCC_C_LANGUAGE_STANDARD = gnu17;
				GCC_DYNAMIC_NO_PIC = NO;
				GCC_NO_COMMON_BLOCKS = YES;
				GCC_OPTIMIZATION_LEVEL = 0;
				GCC_PREPROCESSOR_DEFINITIONS = (
					"DEBUG=1",
					"$(inherited)",
				);
				GCC_WARN_64_TO_32_BIT_CONVERSION = YES;
				GCC_WARN_ABOUT_RETURN_TYPE = YES_ERROR;
				GCC_WARN_UNDECLARED_SELECTOR = YES;
				GCC_WARN_UNINITIALIZED_AUTOS = YES_AGGRESSIVE;
				GCC_WARN_UNUSED_FUNCTION = YES;
				GCC_WARN_UNUSED_VARIABLE = YES;
				LOCALIZATION_PREFERS_STRING_CATALOGS = YES;
				MTL_ENABLE_DEBUG_INFO = INCLUDE_SOURCE;
				MTL_FAST_MATH = YES;
				ONLY_ACTIVE_ARCH = YES;
				SWIFT_ACTIVE_COMPILATION_CONDITIONS = "DEBUG $(inherited)";
				SWIFT_OPTIMIZATION_LEVEL = "-Onone";
				VERSIONING_SYSTEM = "apple-generic";
				VERSION_INFO_PREFIX = "";
			};
			name = Debug;
		};
		8BFE64502C78927000DF770C /* Release */ = {
			isa = XCBuildConfiguration;
			buildSettings = {
				ALWAYS_SEARCH_USER_PATHS = NO;
				ASSETCATALOG_COMPILER_GENERATE_SWIFT_ASSET_SYMBOL_EXTENSIONS = YES;
				CLANG_ANALYZER_NONNULL = YES;
				CLANG_ANALYZER_NUMBER_OBJECT_CONVERSION = YES_AGGRESSIVE;
				CLANG_CXX_LANGUAGE_STANDARD = "gnu++20";
				CLANG_ENABLE_MODULES = YES;
				CLANG_ENABLE_OBJC_ARC = YES;
				CLANG_ENABLE_OBJC_WEAK = YES;
				CLANG_WARN_BLOCK_CAPTURE_AUTORELEASING = YES;
				CLANG_WARN_BOOL_CONVERSION = YES;
				CLANG_WARN_COMMA = YES;
				CLANG_WARN_CONSTANT_CONVERSION = YES;
				CLANG_WARN_DEPRECATED_OBJC_IMPLEMENTATIONS = YES;
				CLANG_WARN_DIRECT_OBJC_ISA_USAGE = YES_ERROR;
				CLANG_WARN_DOCUMENTATION_COMMENTS = YES;
				CLANG_WARN_EMPTY_BODY = YES;
				CLANG_WARN_ENUM_CONVERSION = YES;
				CLANG_WARN_INFINITE_RECURSION = YES;
				CLANG_WARN_INT_CONVERSION = YES;
				CLANG_WARN_NON_LITERAL_NULL_CONVERSION = YES;
				CLANG_WARN_OBJC_IMPLICIT_RETAIN_SELF = YES;
				CLANG_WARN_OBJC_LITERAL_CONVERSION = YES;
				CLANG_WARN_OBJC_ROOT_CLASS = YES_ERROR;
				CLANG_WARN_QUOTED_INCLUDE_IN_FRAMEWORK_HEADER = YES;
				CLANG_WARN_RANGE_LOOP_ANALYSIS = YES;
				CLANG_WARN_STRICT_PROTOTYPES = YES;
				CLANG_WARN_SUSPICIOUS_MOVE = YES;
				CLANG_WARN_UNGUARDED_AVAILABILITY = YES_AGGRESSIVE;
				CLANG_WARN_UNREACHABLE_CODE = YES;
				CLANG_WARN__DUPLICATE_METHOD_MATCH = YES;
				COPY_PHASE_STRIP = NO;
				CURRENT_PROJECT_VERSION = 1;
				DEBUG_INFORMATION_FORMAT = "dwarf-with-dsym";
				ENABLE_NS_ASSERTIONS = NO;
				ENABLE_STRICT_OBJC_MSGSEND = YES;
				ENABLE_USER_SCRIPT_SANDBOXING = YES;
				GCC_C_LANGUAGE_STANDARD = gnu17;
				GCC_NO_COMMON_BLOCKS = YES;
				GCC_WARN_64_TO_32_BIT_CONVERSION = YES;
				GCC_WARN_ABOUT_RETURN_TYPE = YES_ERROR;
				GCC_WARN_UNDECLARED_SELECTOR = YES;
				GCC_WARN_UNINITIALIZED_AUTOS = YES_AGGRESSIVE;
				GCC_WARN_UNUSED_FUNCTION = YES;
				GCC_WARN_UNUSED_VARIABLE = YES;
				LOCALIZATION_PREFERS_STRING_CATALOGS = YES;
				MTL_ENABLE_DEBUG_INFO = NO;
				MTL_FAST_MATH = YES;
				SWIFT_COMPILATION_MODE = wholemodule;
				VERSIONING_SYSTEM = "apple-generic";
				VERSION_INFO_PREFIX = "";
			};
			name = Release;
		};
		8BFE64522C78927000DF770C /* Debug */ = {
			isa = XCBuildConfiguration;
			buildSettings = {
				CODE_SIGN_STYLE = Automatic;
				CURRENT_PROJECT_VERSION = 10;
				DEFINES_MODULE = YES;
				DYLIB_COMPATIBILITY_VERSION = 1;
				DYLIB_CURRENT_VERSION = 1;
				DYLIB_INSTALL_NAME_BASE = "@rpath";
				ENABLE_MODULE_VERIFIER = YES;
				EXCLUDED_ARCHS = "";
				GENERATE_INFOPLIST_FILE = YES;
				INFOPLIST_KEY_NSHumanReadableCopyright = "";
				INSTALL_PATH = "$(LOCAL_LIBRARY_DIR)/Frameworks";
				IPHONEOS_DEPLOYMENT_TARGET = 11.0;
				LD_RUNPATH_SEARCH_PATHS = (
					"@executable_path/Frameworks",
					"@loader_path/Frameworks",
				);
				"LD_RUNPATH_SEARCH_PATHS[sdk=macosx*]" = (
					"@executable_path/../Frameworks",
					"@loader_path/Frameworks",
				);
				MACOSX_DEPLOYMENT_TARGET = 13.6;
				MARKETING_VERSION = 1.11.1;
				MODULE_VERIFIER_SUPPORTED_LANGUAGES = "objective-c objective-c++";
				MODULE_VERIFIER_SUPPORTED_LANGUAGE_STANDARDS = "gnu17 gnu++20";
				PRODUCT_BUNDLE_IDENTIFIER = org.zeit.digest;
				PRODUCT_NAME = "$(TARGET_NAME:c99extidentifier)";
				SDKROOT = auto;
				SKIP_INSTALL = YES;
				SUPPORTED_PLATFORMS = "appletvos appletvsimulator iphoneos iphonesimulator macosx watchos watchsimulator xros xrsimulator";
				SUPPORTS_MACCATALYST = YES;
				SWIFT_EMIT_LOC_STRINGS = YES;
				SWIFT_VERSION = 5.0;
				TARGETED_DEVICE_FAMILY = "1,2,3,4,7";
				TVOS_DEPLOYMENT_TARGET = 11.0;
				WATCHOS_DEPLOYMENT_TARGET = 4.0;
			};
			name = Debug;
		};
		8BFE64532C78927000DF770C /* Release */ = {
			isa = XCBuildConfiguration;
			buildSettings = {
				CODE_SIGN_STYLE = Automatic;
				CURRENT_PROJECT_VERSION = 10;
				DEFINES_MODULE = YES;
				DYLIB_COMPATIBILITY_VERSION = 1;
				DYLIB_CURRENT_VERSION = 1;
				DYLIB_INSTALL_NAME_BASE = "@rpath";
				ENABLE_MODULE_VERIFIER = YES;
				EXCLUDED_ARCHS = "";
				GENERATE_INFOPLIST_FILE = YES;
				INFOPLIST_KEY_NSHumanReadableCopyright = "";
				INSTALL_PATH = "$(LOCAL_LIBRARY_DIR)/Frameworks";
				IPHONEOS_DEPLOYMENT_TARGET = 11.0;
				LD_RUNPATH_SEARCH_PATHS = (
					"@executable_path/Frameworks",
					"@loader_path/Frameworks",
				);
				"LD_RUNPATH_SEARCH_PATHS[sdk=macosx*]" = (
					"@executable_path/../Frameworks",
					"@loader_path/Frameworks",
				);
				MACOSX_DEPLOYMENT_TARGET = 13.6;
				MARKETING_VERSION = 1.11.1;
				MODULE_VERIFIER_SUPPORTED_LANGUAGES = "objective-c objective-c++";
				MODULE_VERIFIER_SUPPORTED_LANGUAGE_STANDARDS = "gnu17 gnu++20";
				PRODUCT_BUNDLE_IDENTIFIER = org.zeit.digest;
				PRODUCT_NAME = "$(TARGET_NAME:c99extidentifier)";
				SDKROOT = auto;
				SKIP_INSTALL = YES;
				SUPPORTED_PLATFORMS = "appletvos appletvsimulator iphoneos iphonesimulator macosx watchos watchsimulator xros xrsimulator";
				SUPPORTS_MACCATALYST = YES;
				SWIFT_EMIT_LOC_STRINGS = YES;
				SWIFT_VERSION = 5.0;
				TARGETED_DEVICE_FAMILY = "1,2,3,4,7";
				TVOS_DEPLOYMENT_TARGET = 11.0;
				WATCHOS_DEPLOYMENT_TARGET = 4.0;
			};
			name = Release;
		};
		8BFE64552C78927000DF770C /* Debug */ = {
			isa = XCBuildConfiguration;
			buildSettings = {
				ALWAYS_EMBED_SWIFT_STANDARD_LIBRARIES = YES;
				CLANG_ENABLE_MODULES = YES;
				CODE_SIGN_STYLE = Automatic;
				CURRENT_PROJECT_VERSION = 1;
				GENERATE_INFOPLIST_FILE = YES;
				IPHONEOS_DEPLOYMENT_TARGET = 17.2;
				MACOSX_DEPLOYMENT_TARGET = 13.6;
				MARKETING_VERSION = 1.0;
				PRODUCT_BUNDLE_IDENTIFIER = org.zeit.DigestTests;
				PRODUCT_NAME = "$(TARGET_NAME)";
				SDKROOT = auto;
				SUPPORTED_PLATFORMS = macosx;
				SUPPORTS_MACCATALYST = NO;
				SWIFT_EMIT_LOC_STRINGS = NO;
				SWIFT_OPTIMIZATION_LEVEL = "-Onone";
				SWIFT_VERSION = 5.0;
			};
			name = Debug;
		};
		8BFE64562C78927000DF770C /* Release */ = {
			isa = XCBuildConfiguration;
			buildSettings = {
				ALWAYS_EMBED_SWIFT_STANDARD_LIBRARIES = YES;
				CLANG_ENABLE_MODULES = YES;
				CODE_SIGN_STYLE = Automatic;
				CURRENT_PROJECT_VERSION = 1;
				GENERATE_INFOPLIST_FILE = YES;
				IPHONEOS_DEPLOYMENT_TARGET = 17.2;
				MACOSX_DEPLOYMENT_TARGET = 13.6;
				MARKETING_VERSION = 1.0;
				PRODUCT_BUNDLE_IDENTIFIER = org.zeit.DigestTests;
				PRODUCT_NAME = "$(TARGET_NAME)";
				SDKROOT = auto;
				SUPPORTED_PLATFORMS = macosx;
				SUPPORTS_MACCATALYST = NO;
				SWIFT_EMIT_LOC_STRINGS = NO;
				SWIFT_VERSION = 5.0;
			};
			name = Release;
		};
/* End XCBuildConfiguration section */

/* Begin XCConfigurationList section */
		8BFE64392C78927000DF770C /* Build configuration list for PBXProject "Digest" */ = {
			isa = XCConfigurationList;
			buildConfigurations = (
				8BFE644F2C78927000DF770C /* Debug */,
				8BFE64502C78927000DF770C /* Release */,
			);
			defaultConfigurationIsVisible = 0;
			defaultConfigurationName = Release;
		};
		8BFE64512C78927000DF770C /* Build configuration list for PBXNativeTarget "Digest" */ = {
			isa = XCConfigurationList;
			buildConfigurations = (
				8BFE64522C78927000DF770C /* Debug */,
				8BFE64532C78927000DF770C /* Release */,
			);
			defaultConfigurationIsVisible = 0;
			defaultConfigurationName = Release;
		};
		8BFE64542C78927000DF770C /* Build configuration list for PBXNativeTarget "DigestTests" */ = {
			isa = XCConfigurationList;
			buildConfigurations = (
				8BFE64552C78927000DF770C /* Debug */,
				8BFE64562C78927000DF770C /* Release */,
			);
			defaultConfigurationIsVisible = 0;
			defaultConfigurationName = Release;
		};
/* End XCConfigurationList section */
	};
	rootObject = 8BFE64362C78927000DF770C /* Project object */;
}
