// !$*UTF8*$!
{
	archiveVersion = 1;
	classes = {
	};
	objectVersion = 56;
	objects = {

/* Begin PBXBuildFile section */
		8B2A2B632CCA28480086D3AD /* Base64Test.swift in Sources */ = {isa = PBXBuildFile; fileRef = 8B2A2B582CCA28480086D3AD /* Base64Test.swift */; };
		8B2A2B642CCA28480086D3AD /* SHA2Test.swift in Sources */ = {isa = PBXBuildFile; fileRef = 8B2A2B592CCA28480086D3AD /* SHA2Test.swift */; };
		8B2A2B652CCA28480086D3AD /* SHA3Test.swift in Sources */ = {isa = PBXBuildFile; fileRef = 8B2A2B5A2CCA28480086D3AD /* SHA3Test.swift */; };
		8B2A2B662CCA28480086D3AD /* Util.swift in Sources */ = {isa = PBXBuildFile; fileRef = 8B2A2B5B2CCA28480086D3AD /* Util.swift */; };
		8B2A2B672CCA28480086D3AD /* XOFTest.swift in Sources */ = {isa = PBXBuildFile; fileRef = 8B2A2B5C2CCA28480086D3AD /* XOFTest.swift */; };
		8B2A2B682CCA28480086D3AD /* SHA1Test.swift in Sources */ = {isa = PBXBuildFile; fileRef = 8B2A2B5D2CCA28480086D3AD /* SHA1Test.swift */; };
		8B2A2B692CCA28480086D3AD /* HKDFTest.swift in Sources */ = {isa = PBXBuildFile; fileRef = 8B2A2B5E2CCA28480086D3AD /* HKDFTest.swift */; };
		8B2A2B6A2CCA28480086D3AD /* HMACTest.swift in Sources */ = {isa = PBXBuildFile; fileRef = 8B2A2B5F2CCA28480086D3AD /* HMACTest.swift */; };
		8B2A2B6B2CCA28480086D3AD /* SHAKETest.swift in Sources */ = {isa = PBXBuildFile; fileRef = 8B2A2B602CCA28480086D3AD /* SHAKETest.swift */; };
		8B2A2B6C2CCA28480086D3AD /* MGF1Test.swift in Sources */ = {isa = PBXBuildFile; fileRef = 8B2A2B612CCA28480086D3AD /* MGF1Test.swift */; };
		8B2A2B6D2CCA28480086D3AD /* Hex2BytesTest.swift in Sources */ = {isa = PBXBuildFile; fileRef = 8B2A2B622CCA28480086D3AD /* Hex2BytesTest.swift */; };
		8B2A2B792CCA288F0086D3AD /* SHAKE.swift in Sources */ = {isa = PBXBuildFile; fileRef = 8B2A2B772CCA28830086D3AD /* SHAKE.swift */; };
		8B2A2B7A2CCA288F0086D3AD /* KDF.swift in Sources */ = {isa = PBXBuildFile; fileRef = 8B2A2B782CCA28830086D3AD /* KDF.swift */; };
		8B2A2B7B2CCA288F0086D3AD /* SHA1.swift in Sources */ = {isa = PBXBuildFile; fileRef = 8B2A2B712CCA28820086D3AD /* SHA1.swift */; };
		8B2A2B7C2CCA288F0086D3AD /* Base64.swift in Sources */ = {isa = PBXBuildFile; fileRef = 8B2A2B6F2CCA28820086D3AD /* Base64.swift */; };
		8B2A2B7D2CCA288F0086D3AD /* PrivacyInfo.xcprivacy in Resources */ = {isa = PBXBuildFile; fileRef = 8B2A2B732CCA28820086D3AD /* PrivacyInfo.xcprivacy */; };
		8B2A2B7E2CCA288F0086D3AD /* HMAC.swift in Sources */ = {isa = PBXBuildFile; fileRef = 8B2A2B742CCA28820086D3AD /* HMAC.swift */; };
		8B2A2B7F2CCA288F0086D3AD /* SHA3.swift in Sources */ = {isa = PBXBuildFile; fileRef = 8B2A2B702CCA28820086D3AD /* SHA3.swift */; };
		8B2A2B802CCA288F0086D3AD /* MD.swift in Sources */ = {isa = PBXBuildFile; fileRef = 8B2A2B752CCA28820086D3AD /* MD.swift */; };
		8B2A2B812CCA288F0086D3AD /* SHA2.swift in Sources */ = {isa = PBXBuildFile; fileRef = 8B2A2B722CCA28820086D3AD /* SHA2.swift */; };
		8B2A2B822CCA288F0086D3AD /* XOF.swift in Sources */ = {isa = PBXBuildFile; fileRef = 8B2A2B6E2CCA28820086D3AD /* XOF.swift */; };
		8BFE64482C78927000DF770C /* Digest.framework in Frameworks */ = {isa = PBXBuildFile; fileRef = 8BFE643F2C78927000DF770C /* Digest.framework */; };
		8BFE64672C7892E200DF770C /* Digest.h in Headers */ = {isa = PBXBuildFile; fileRef = 8BFE64582C7892E200DF770C /* Digest.h */; settings = {ATTRIBUTES = (Public, ); }; };
/* End PBXBuildFile section */

/* Begin PBXContainerItemProxy section */
		8BFE64492C78927000DF770C /* PBXContainerItemProxy */ = {
			isa = PBXContainerItemProxy;
			containerPortal = 8BFE64362C78927000DF770C /* Project object */;
			proxyType = 1;
			remoteGlobalIDString = 8BFE643E2C78927000DF770C;
			remoteInfo = Digest;
		};
/* End PBXContainerItemProxy section */

/* Begin PBXFileReference section */
		8B2A2B582CCA28480086D3AD /* Base64Test.swift */ = {isa = PBXFileReference; fileEncoding = 4; lastKnownFileType = sourcecode.swift; path = Base64Test.swift; sourceTree = "<group>"; };
		8B2A2B592CCA28480086D3AD /* SHA2Test.swift */ = {isa = PBXFileReference; fileEncoding = 4; lastKnownFileType = sourcecode.swift; path = SHA2Test.swift; sourceTree = "<group>"; };
		8B2A2B5A2CCA28480086D3AD /* SHA3Test.swift */ = {isa = PBXFileReference; fileEncoding = 4; lastKnownFileType = sourcecode.swift; path = SHA3Test.swift; sourceTree = "<group>"; };
		8B2A2B5B2CCA28480086D3AD /* Util.swift */ = {isa = PBXFileReference; fileEncoding = 4; lastKnownFileType = sourcecode.swift; path = Util.swift; sourceTree = "<group>"; };
		8B2A2B5C2CCA28480086D3AD /* XOFTest.swift */ = {isa = PBXFileReference; fileEncoding = 4; lastKnownFileType = sourcecode.swift; path = XOFTest.swift; sourceTree = "<group>"; };
		8B2A2B5D2CCA28480086D3AD /* SHA1Test.swift */ = {isa = PBXFileReference; fileEncoding = 4; lastKnownFileType = sourcecode.swift; path = SHA1Test.swift; sourceTree = "<group>"; };
		8B2A2B5E2CCA28480086D3AD /* HKDFTest.swift */ = {isa = PBXFileReference; fileEncoding = 4; lastKnownFileType = sourcecode.swift; path = HKDFTest.swift; sourceTree = "<group>"; };
		8B2A2B5F2CCA28480086D3AD /* HMACTest.swift */ = {isa = PBXFileReference; fileEncoding = 4; lastKnownFileType = sourcecode.swift; path = HMACTest.swift; sourceTree = "<group>"; };
		8B2A2B602CCA28480086D3AD /* SHAKETest.swift */ = {isa = PBXFileReference; fileEncoding = 4; lastKnownFileType = sourcecode.swift; path = SHAKETest.swift; sourceTree = "<group>"; };
		8B2A2B612CCA28480086D3AD /* MGF1Test.swift */ = {isa = PBXFileReference; fileEncoding = 4; lastKnownFileType = sourcecode.swift; path = MGF1Test.swift; sourceTree = "<group>"; };
		8B2A2B622CCA28480086D3AD /* Hex2BytesTest.swift */ = {isa = PBXFileReference; fileEncoding = 4; lastKnownFileType = sourcecode.swift; path = Hex2BytesTest.swift; sourceTree = "<group>"; };
		8B2A2B6E2CCA28820086D3AD /* XOF.swift */ = {isa = PBXFileReference; lastKnownFileType = sourcecode.swift; path = XOF.swift; sourceTree = "<group>"; };
		8B2A2B6F2CCA28820086D3AD /* Base64.swift */ = {isa = PBXFileReference; lastKnownFileType = sourcecode.swift; path = Base64.swift; sourceTree = "<group>"; };
		8B2A2B702CCA28820086D3AD /* SHA3.swift */ = {isa = PBXFileReference; lastKnownFileType = sourcecode.swift; path = SHA3.swift; sourceTree = "<group>"; };
		8B2A2B712CCA28820086D3AD /* SHA1.swift */ = {isa = PBXFileReference; lastKnownFileType = sourcecode.swift; path = SHA1.swift; sourceTree = "<group>"; };
		8B2A2B722CCA28820086D3AD /* SHA2.swift */ = {isa = PBXFileReference; lastKnownFileType = sourcecode.swift; path = SHA2.swift; sourceTree = "<group>"; };
		8B2A2B732CCA28820086D3AD /* PrivacyInfo.xcprivacy */ = {isa = PBXFileReference; lastKnownFileType = text.xml; path = PrivacyInfo.xcprivacy; sourceTree = "<group>"; };
		8B2A2B742CCA28820086D3AD /* HMAC.swift */ = {isa = PBXFileReference; lastKnownFileType = sourcecode.swift; path = HMAC.swift; sourceTree = "<group>"; };
		8B2A2B752CCA28820086D3AD /* MD.swift */ = {isa = PBXFileReference; lastKnownFileType = sourcecode.swift; path = MD.swift; sourceTree = "<group>"; };
		8B2A2B762CCA28830086D3AD /* Digest.docc */ = {isa = PBXFileReference; lastKnownFileType = folder.documentationcatalog; path = Digest.docc; sourceTree = "<group>"; };
		8B2A2B772CCA28830086D3AD /* SHAKE.swift */ = {isa = PBXFileReference; lastKnownFileType = sourcecode.swift; path = SHAKE.swift; sourceTree = "<group>"; };
		8B2A2B782CCA28830086D3AD /* KDF.swift */ = {isa = PBXFileReference; lastKnownFileType = sourcecode.swift; path = KDF.swift; sourceTree = "<group>"; };
		8B2A2B882CCA2A720086D3AD /* index.html */ = {isa = PBXFileReference; lastKnownFileType = text.html.documentation; path = index.html; sourceTree = "<group>"; };
		8B2A2B892CCA2A720086D3AD /* index.html */ = {isa = PBXFileReference; lastKnownFileType = text.html.documentation; path = index.html; sourceTree = "<group>"; };
		8B2A2B8B2CCA2A720086D3AD /* index.html */ = {isa = PBXFileReference; lastKnownFileType = text.html.documentation; path = index.html; sourceTree = "<group>"; };
		8B2A2B8D2CCA2A720086D3AD /* index.html */ = {isa = PBXFileReference; lastKnownFileType = text.html.documentation; path = index.html; sourceTree = "<group>"; };
		8B2A2B8F2CCA2A720086D3AD /* index.html */ = {isa = PBXFileReference; lastKnownFileType = text.html.documentation; path = index.html; sourceTree = "<group>"; };
		8B2A2B912CCA2A720086D3AD /* index.html */ = {isa = PBXFileReference; lastKnownFileType = text.html.documentation; path = index.html; sourceTree = "<group>"; };
		8B2A2B932CCA2A720086D3AD /* index.html */ = {isa = PBXFileReference; lastKnownFileType = text.html.documentation; path = index.html; sourceTree = "<group>"; };
		8B2A2B952CCA2A720086D3AD /* index.html */ = {isa = PBXFileReference; lastKnownFileType = text.html.documentation; path = index.html; sourceTree = "<group>"; };
		8B2A2B972CCA2A720086D3AD /* index.html */ = {isa = PBXFileReference; lastKnownFileType = text.html.documentation; path = index.html; sourceTree = "<group>"; };
		8B2A2B992CCA2A720086D3AD /* index.html */ = {isa = PBXFileReference; lastKnownFileType = text.html.documentation; path = index.html; sourceTree = "<group>"; };
		8B2A2B9B2CCA2A720086D3AD /* index.html */ = {isa = PBXFileReference; lastKnownFileType = text.html.documentation; path = index.html; sourceTree = "<group>"; };
		8B2A2B9D2CCA2A720086D3AD /* index.html */ = {isa = PBXFileReference; lastKnownFileType = text.html.documentation; path = index.html; sourceTree = "<group>"; };
		8B2A2BA02CCA2A720086D3AD /* index.html */ = {isa = PBXFileReference; lastKnownFileType = text.html.documentation; path = index.html; sourceTree = "<group>"; };
		8B2A2BA12CCA2A720086D3AD /* index.html */ = {isa = PBXFileReference; lastKnownFileType = text.html.documentation; path = index.html; sourceTree = "<group>"; };
		8B2A2BA32CCA2A720086D3AD /* index.html */ = {isa = PBXFileReference; lastKnownFileType = text.html.documentation; path = index.html; sourceTree = "<group>"; };
		8B2A2BA52CCA2A720086D3AD /* index.html */ = {isa = PBXFileReference; lastKnownFileType = text.html.documentation; path = index.html; sourceTree = "<group>"; };
		8B2A2BA72CCA2A720086D3AD /* index.html */ = {isa = PBXFileReference; lastKnownFileType = text.html.documentation; path = index.html; sourceTree = "<group>"; };
		8B2A2BA92CCA2A720086D3AD /* index.html */ = {isa = PBXFileReference; lastKnownFileType = text.html.documentation; path = index.html; sourceTree = "<group>"; };
		8B2A2BAA2CCA2A720086D3AD /* index.html */ = {isa = PBXFileReference; lastKnownFileType = text.html.documentation; path = index.html; sourceTree = "<group>"; };
		8B2A2BAC2CCA2A720086D3AD /* index.html */ = {isa = PBXFileReference; lastKnownFileType = text.html.documentation; path = index.html; sourceTree = "<group>"; };
		8B2A2BAE2CCA2A720086D3AD /* index.html */ = {isa = PBXFileReference; lastKnownFileType = text.html.documentation; path = index.html; sourceTree = "<group>"; };
		8B2A2BB02CCA2A720086D3AD /* index.html */ = {isa = PBXFileReference; lastKnownFileType = text.html.documentation; path = index.html; sourceTree = "<group>"; };
		8B2A2BB22CCA2A720086D3AD /* index.html */ = {isa = PBXFileReference; lastKnownFileType = text.html.documentation; path = index.html; sourceTree = "<group>"; };
		8B2A2BB42CCA2A720086D3AD /* index.html */ = {isa = PBXFileReference; lastKnownFileType = text.html.documentation; path = index.html; sourceTree = "<group>"; };
		8B2A2BB62CCA2A720086D3AD /* index.html */ = {isa = PBXFileReference; lastKnownFileType = text.html.documentation; path = index.html; sourceTree = "<group>"; };
		8B2A2BB82CCA2A720086D3AD /* index.html */ = {isa = PBXFileReference; lastKnownFileType = text.html.documentation; path = index.html; sourceTree = "<group>"; };
		8B2A2BBA2CCA2A720086D3AD /* index.html */ = {isa = PBXFileReference; lastKnownFileType = text.html.documentation; path = index.html; sourceTree = "<group>"; };
		8B2A2BBC2CCA2A720086D3AD /* index.html */ = {isa = PBXFileReference; lastKnownFileType = text.html.documentation; path = index.html; sourceTree = "<group>"; };
		8B2A2BBE2CCA2A720086D3AD /* index.html */ = {isa = PBXFileReference; lastKnownFileType = text.html.documentation; path = index.html; sourceTree = "<group>"; };
		8B2A2BC02CCA2A720086D3AD /* index.html */ = {isa = PBXFileReference; lastKnownFileType = text.html.documentation; path = index.html; sourceTree = "<group>"; };
		8B2A2BC32CCA2A720086D3AD /* index.html */ = {isa = PBXFileReference; lastKnownFileType = text.html.documentation; path = index.html; sourceTree = "<group>"; };
		8B2A2BC52CCA2A720086D3AD /* index.html */ = {isa = PBXFileReference; lastKnownFileType = text.html.documentation; path = index.html; sourceTree = "<group>"; };
		8B2A2BC72CCA2A720086D3AD /* index.html */ = {isa = PBXFileReference; lastKnownFileType = text.html.documentation; path = index.html; sourceTree = "<group>"; };
		8B2A2BC82CCA2A720086D3AD /* index.html */ = {isa = PBXFileReference; lastKnownFileType = text.html.documentation; path = index.html; sourceTree = "<group>"; };
		8B2A2BCA2CCA2A720086D3AD /* index.html */ = {isa = PBXFileReference; lastKnownFileType = text.html.documentation; path = index.html; sourceTree = "<group>"; };
		8B2A2BCC2CCA2A720086D3AD /* index.html */ = {isa = PBXFileReference; lastKnownFileType = text.html.documentation; path = index.html; sourceTree = "<group>"; };
		8B2A2BCE2CCA2A720086D3AD /* index.html */ = {isa = PBXFileReference; lastKnownFileType = text.html.documentation; path = index.html; sourceTree = "<group>"; };
		8B2A2BD02CCA2A720086D3AD /* index.html */ = {isa = PBXFileReference; lastKnownFileType = text.html.documentation; path = index.html; sourceTree = "<group>"; };
		8B2A2BD22CCA2A720086D3AD /* index.html */ = {isa = PBXFileReference; lastKnownFileType = text.html.documentation; path = index.html; sourceTree = "<group>"; };
		8B2A2BD42CCA2A720086D3AD /* index.html */ = {isa = PBXFileReference; lastKnownFileType = text.html.documentation; path = index.html; sourceTree = "<group>"; };
		8B2A2BD62CCA2A720086D3AD /* index.html */ = {isa = PBXFileReference; lastKnownFileType = text.html.documentation; path = index.html; sourceTree = "<group>"; };
		8B2A2BD82CCA2A720086D3AD /* index.html */ = {isa = PBXFileReference; lastKnownFileType = text.html.documentation; path = index.html; sourceTree = "<group>"; };
		8B2A2BDA2CCA2A720086D3AD /* index.html */ = {isa = PBXFileReference; lastKnownFileType = text.html.documentation; path = index.html; sourceTree = "<group>"; };
		8B2A2BDC2CCA2A720086D3AD /* index.html */ = {isa = PBXFileReference; lastKnownFileType = text.html.documentation; path = index.html; sourceTree = "<group>"; };
		8B2A2BDE2CCA2A720086D3AD /* index.html */ = {isa = PBXFileReference; lastKnownFileType = text.html.documentation; path = index.html; sourceTree = "<group>"; };
		8B2A2BE02CCA2A720086D3AD /* index.html */ = {isa = PBXFileReference; lastKnownFileType = text.html.documentation; path = index.html; sourceTree = "<group>"; };
		8B2A2BE22CCA2A720086D3AD /* index.html */ = {isa = PBXFileReference; lastKnownFileType = text.html.documentation; path = index.html; sourceTree = "<group>"; };
		8B2A2BE42CCA2A720086D3AD /* index.html */ = {isa = PBXFileReference; lastKnownFileType = text.html.documentation; path = index.html; sourceTree = "<group>"; };
		8B2A2BE62CCA2A720086D3AD /* index.html */ = {isa = PBXFileReference; lastKnownFileType = text.html.documentation; path = index.html; sourceTree = "<group>"; };
		8B2A2BE82CCA2A720086D3AD /* index.html */ = {isa = PBXFileReference; lastKnownFileType = text.html.documentation; path = index.html; sourceTree = "<group>"; };
		8B2A2BEA2CCA2A720086D3AD /* index.html */ = {isa = PBXFileReference; lastKnownFileType = text.html.documentation; path = index.html; sourceTree = "<group>"; };
		8B2A2BEC2CCA2A720086D3AD /* index.html */ = {isa = PBXFileReference; lastKnownFileType = text.html.documentation; path = index.html; sourceTree = "<group>"; };
		8B2A2BEE2CCA2A720086D3AD /* index.html */ = {isa = PBXFileReference; lastKnownFileType = text.html.documentation; path = index.html; sourceTree = "<group>"; };
		8B2A2BF02CCA2A720086D3AD /* index.html */ = {isa = PBXFileReference; lastKnownFileType = text.html.documentation; path = index.html; sourceTree = "<group>"; };
		8B2A2BF22CCA2A720086D3AD /* index.html */ = {isa = PBXFileReference; lastKnownFileType = text.html.documentation; path = index.html; sourceTree = "<group>"; };
		8B2A2BF42CCA2A720086D3AD /* index.html */ = {isa = PBXFileReference; lastKnownFileType = text.html.documentation; path = index.html; sourceTree = "<group>"; };
		8B2A2BF52CCA2A720086D3AD /* favicon.ico */ = {isa = PBXFileReference; lastKnownFileType = image.ico; path = favicon.ico; sourceTree = "<group>"; };
		8B2A2BF62CCA2A720086D3AD /* index.html */ = {isa = PBXFileReference; lastKnownFileType = text.html; path = index.html; sourceTree = "<group>"; };
		8B2A2BF82CCA2A720086D3AD /* topic.4be8f56d.css */ = {isa = PBXFileReference; lastKnownFileType = text.css; path = topic.4be8f56d.css; sourceTree = "<group>"; };
		8B2A2BF92CCA2A720086D3AD /* index.3a335429.css */ = {isa = PBXFileReference; lastKnownFileType = text.css; path = index.3a335429.css; sourceTree = "<group>"; };
		8B2A2BFA2CCA2A720086D3AD /* tutorials-overview.7942d777.css */ = {isa = PBXFileReference; lastKnownFileType = text.css; path = "tutorials-overview.7942d777.css"; sourceTree = "<group>"; };
		8B2A2BFB2CCA2A720086D3AD /* 866.60f074fd.css */ = {isa = PBXFileReference; lastKnownFileType = text.css; path = 866.60f074fd.css; sourceTree = "<group>"; };
		8B2A2BFC2CCA2A720086D3AD /* 989.4f123103.css */ = {isa = PBXFileReference; lastKnownFileType = text.css; path = 989.4f123103.css; sourceTree = "<group>"; };
		8B2A2BFD2CCA2A720086D3AD /* documentation-topic.91c07ba9.css */ = {isa = PBXFileReference; lastKnownFileType = text.css; path = "documentation-topic.91c07ba9.css"; sourceTree = "<group>"; };
		8B2A2BFF2CCA2A720086D3AD /* highlight-js-llvm-js.26121771.js */ = {isa = PBXFileReference; lastKnownFileType = sourcecode.javascript; path = "highlight-js-llvm-js.26121771.js"; sourceTree = "<group>"; };
		8B2A2C002CCA2A720086D3AD /* index.a08b31d0.js */ = {isa = PBXFileReference; lastKnownFileType = sourcecode.javascript; path = index.a08b31d0.js; sourceTree = "<group>"; };
		8B2A2C012CCA2A720086D3AD /* highlight-js-swift-js.bdd5bff5.js */ = {isa = PBXFileReference; lastKnownFileType = sourcecode.javascript; path = "highlight-js-swift-js.bdd5bff5.js"; sourceTree = "<group>"; };
		8B2A2C022CCA2A720086D3AD /* highlight-js-scss-js.adcd11a2.js */ = {isa = PBXFileReference; lastKnownFileType = sourcecode.javascript; path = "highlight-js-scss-js.adcd11a2.js"; sourceTree = "<group>"; };
		8B2A2C032CCA2A720086D3AD /* highlight-js-javascript-js.dfc9d16d.js */ = {isa = PBXFileReference; lastKnownFileType = sourcecode.javascript; path = "highlight-js-javascript-js.dfc9d16d.js"; sourceTree = "<group>"; };
		8B2A2C042CCA2A720086D3AD /* documentation-topic.09a6ef86.js */ = {isa = PBXFileReference; lastKnownFileType = sourcecode.javascript; path = "documentation-topic.09a6ef86.js"; sourceTree = "<group>"; };
		8B2A2C052CCA2A720086D3AD /* highlight-js-perl-js.da6eda82.js */ = {isa = PBXFileReference; lastKnownFileType = sourcecode.javascript; path = "highlight-js-perl-js.da6eda82.js"; sourceTree = "<group>"; };
		8B2A2C062CCA2A720086D3AD /* highlight-js-css-js.bfc4251f.js */ = {isa = PBXFileReference; lastKnownFileType = sourcecode.javascript; path = "highlight-js-css-js.bfc4251f.js"; sourceTree = "<group>"; };
		8B2A2C072CCA2A720086D3AD /* highlight-js-cpp-js.458a9ae4.js */ = {isa = PBXFileReference; lastKnownFileType = sourcecode.javascript; path = "highlight-js-cpp-js.458a9ae4.js"; sourceTree = "<group>"; };
		8B2A2C082CCA2A720086D3AD /* highlight-js-custom-swift.738731d1.js */ = {isa = PBXFileReference; lastKnownFileType = sourcecode.javascript; path = "highlight-js-custom-swift.738731d1.js"; sourceTree = "<group>"; };
		8B2A2C092CCA2A720086D3AD /* highlight-js-http-js.f78e83c2.js */ = {isa = PBXFileReference; lastKnownFileType = sourcecode.javascript; path = "highlight-js-http-js.f78e83c2.js"; sourceTree = "<group>"; };
		8B2A2C0A2CCA2A720086D3AD /* highlight-js-shell-js.0ad5b20f.js */ = {isa = PBXFileReference; lastKnownFileType = sourcecode.javascript; path = "highlight-js-shell-js.0ad5b20f.js"; sourceTree = "<group>"; };
		8B2A2C0B2CCA2A720086D3AD /* highlight-js-diff-js.4db9a783.js */ = {isa = PBXFileReference; lastKnownFileType = sourcecode.javascript; path = "highlight-js-diff-js.4db9a783.js"; sourceTree = "<group>"; };
		8B2A2C0C2CCA2A720086D3AD /* highlight-js-ruby-js.7272231f.js */ = {isa = PBXFileReference; lastKnownFileType = sourcecode.javascript; path = "highlight-js-ruby-js.7272231f.js"; sourceTree = "<group>"; };
		8B2A2C0D2CCA2A720086D3AD /* highlight-js-php-js.c458ffa4.js */ = {isa = PBXFileReference; lastKnownFileType = sourcecode.javascript; path = "highlight-js-php-js.c458ffa4.js"; sourceTree = "<group>"; };
		8B2A2C0E2CCA2A720086D3AD /* tutorials-overview.acb09e8a.js */ = {isa = PBXFileReference; lastKnownFileType = sourcecode.javascript; path = "tutorials-overview.acb09e8a.js"; sourceTree = "<group>"; };
		8B2A2C0F2CCA2A720086D3AD /* highlight-js-objectivec-js.74dea052.js */ = {isa = PBXFileReference; lastKnownFileType = sourcecode.javascript; path = "highlight-js-objectivec-js.74dea052.js"; sourceTree = "<group>"; };
		8B2A2C102CCA2A720086D3AD /* 337.274a8ccc.js */ = {isa = PBXFileReference; lastKnownFileType = sourcecode.javascript; path = 337.274a8ccc.js; sourceTree = "<group>"; };
		8B2A2C112CCA2A720086D3AD /* highlight-js-json-js.2a1856ba.js */ = {isa = PBXFileReference; lastKnownFileType = sourcecode.javascript; path = "highlight-js-json-js.2a1856ba.js"; sourceTree = "<group>"; };
		8B2A2C122CCA2A720086D3AD /* 104.fe5974d0.js */ = {isa = PBXFileReference; lastKnownFileType = sourcecode.javascript; path = 104.fe5974d0.js; sourceTree = "<group>"; };
		8B2A2C132CCA2A720086D3AD /* highlight-js-custom-markdown.78c9f6ed.js */ = {isa = PBXFileReference; lastKnownFileType = sourcecode.javascript; path = "highlight-js-custom-markdown.78c9f6ed.js"; sourceTree = "<group>"; };
		8B2A2C142CCA2A720086D3AD /* highlight-js-bash-js.702f0c5c.js */ = {isa = PBXFileReference; lastKnownFileType = sourcecode.javascript; path = "highlight-js-bash-js.702f0c5c.js"; sourceTree = "<group>"; };
		8B2A2C152CCA2A720086D3AD /* 866.eea4607d.js */ = {isa = PBXFileReference; lastKnownFileType = sourcecode.javascript; path = 866.eea4607d.js; sourceTree = "<group>"; };
		8B2A2C162CCA2A720086D3AD /* highlight-js-python-js.60354774.js */ = {isa = PBXFileReference; lastKnownFileType = sourcecode.javascript; path = "highlight-js-python-js.60354774.js"; sourceTree = "<group>"; };
		8B2A2C172CCA2A720086D3AD /* highlight-js-xml-js.0d78f903.js */ = {isa = PBXFileReference; lastKnownFileType = sourcecode.javascript; path = "highlight-js-xml-js.0d78f903.js"; sourceTree = "<group>"; };
		8B2A2C182CCA2A720086D3AD /* 842.49774dc9.js */ = {isa = PBXFileReference; lastKnownFileType = sourcecode.javascript; path = 842.49774dc9.js; sourceTree = "<group>"; };
		8B2A2C192CCA2A720086D3AD /* highlight-js-java-js.4fe21e94.js */ = {isa = PBXFileReference; lastKnownFileType = sourcecode.javascript; path = "highlight-js-java-js.4fe21e94.js"; sourceTree = "<group>"; };
		8B2A2C1A2CCA2A720086D3AD /* highlight-js-c-js.063069d3.js */ = {isa = PBXFileReference; lastKnownFileType = sourcecode.javascript; path = "highlight-js-c-js.063069d3.js"; sourceTree = "<group>"; };
		8B2A2C1B2CCA2A720086D3AD /* highlight-js-markdown-js.a2f456af.js */ = {isa = PBXFileReference; lastKnownFileType = sourcecode.javascript; path = "highlight-js-markdown-js.a2f456af.js"; sourceTree = "<group>"; };
		8B2A2C1C2CCA2A720086D3AD /* topic.37e71576.js */ = {isa = PBXFileReference; lastKnownFileType = sourcecode.javascript; path = topic.37e71576.js; sourceTree = "<group>"; };
		8B2A2C1D2CCA2A720086D3AD /* chunk-vendors.bdb7cbba.js */ = {isa = PBXFileReference; lastKnownFileType = sourcecode.javascript; path = "chunk-vendors.bdb7cbba.js"; sourceTree = "<group>"; };
		8B2A2C1E2CCA2A720086D3AD /* developer-og-twitter.jpg */ = {isa = PBXFileReference; lastKnownFileType = image.jpeg; path = "developer-og-twitter.jpg"; sourceTree = "<group>"; };
		8B2A2C1F2CCA2A720086D3AD /* metadata.json */ = {isa = PBXFileReference; lastKnownFileType = text.json; path = metadata.json; sourceTree = "<group>"; };
		8B2A2C202CCA2A720086D3AD /* developer-og.jpg */ = {isa = PBXFileReference; lastKnownFileType = image.jpeg; path = "developer-og.jpg"; sourceTree = "<group>"; };
		8B2A2C222CCA2A720086D3AD /* modified-icon.efb2697d.svg */ = {isa = PBXFileReference; lastKnownFileType = text; path = "modified-icon.efb2697d.svg"; sourceTree = "<group>"; };
		8B2A2C232CCA2A720086D3AD /* deprecated-icon.7bf1740a.svg */ = {isa = PBXFileReference; lastKnownFileType = text; path = "deprecated-icon.7bf1740a.svg"; sourceTree = "<group>"; };
		8B2A2C242CCA2A720086D3AD /* added-icon.832a5d2c.svg */ = {isa = PBXFileReference; lastKnownFileType = text; path = "added-icon.832a5d2c.svg"; sourceTree = "<group>"; };
		8B2A2C262CCA2A720086D3AD /* index.json */ = {isa = PBXFileReference; lastKnownFileType = text.json; path = index.json; sourceTree = "<group>"; };
		8B2A2C2B2CCA2A720086D3AD /* x963kdf(_:_:_:_:).json */ = {isa = PBXFileReference; lastKnownFileType = text.json; path = "x963kdf(_:_:_:_:).json"; sourceTree = "<group>"; };
		8B2A2C2C2CCA2A720086D3AD /* mgf1(_:_:_:).json */ = {isa = PBXFileReference; lastKnownFileType = text.json; path = "mgf1(_:_:_:).json"; sourceTree = "<group>"; };
		8B2A2C2D2CCA2A720086D3AD /* hkdf(_:_:_:_:_:).json */ = {isa = PBXFileReference; lastKnownFileType = text.json; path = "hkdf(_:_:_:_:_:).json"; sourceTree = "<group>"; };
		8B2A2C2F2CCA2A720086D3AD /* update(_:).json */ = {isa = PBXFileReference; lastKnownFileType = text.json; path = "update(_:).json"; sourceTree = "<group>"; };
		8B2A2C302CCA2A720086D3AD /* init(_:_:).json */ = {isa = PBXFileReference; lastKnownFileType = text.json; path = "init(_:_:).json"; sourceTree = "<group>"; };
		8B2A2C312CCA2A720086D3AD /* compute(_:).json */ = {isa = PBXFileReference; lastKnownFileType = text.json; path = "compute(_:).json"; sourceTree = "<group>"; };
		8B2A2C322CCA2A720086D3AD /* reset().json */ = {isa = PBXFileReference; lastKnownFileType = text.json; path = "reset().json"; sourceTree = "<group>"; };
		8B2A2C332CCA2A720086D3AD /* shake.json */ = {isa = PBXFileReference; lastKnownFileType = text.json; path = shake.json; sourceTree = "<group>"; };
		8B2A2C352CCA2A720086D3AD /* read(_:)-w5aj.json */ = {isa = PBXFileReference; lastKnownFileType = text.json; path = "read(_:)-w5aj.json"; sourceTree = "<group>"; };
		8B2A2C362CCA2A720086D3AD /* init(_:_:).json */ = {isa = PBXFileReference; lastKnownFileType = text.json; path = "init(_:_:).json"; sourceTree = "<group>"; };
		8B2A2C382CCA2A720086D3AD /* !=(_:_:).json */ = {isa = PBXFileReference; lastKnownFileType = text.json; path = "!=(_:_:).json"; sourceTree = "<group>"; };
		8B2A2C392CCA2A720086D3AD /* equatable-implementations.json */ = {isa = PBXFileReference; lastKnownFileType = text.json; path = "equatable-implementations.json"; sourceTree = "<group>"; };
		8B2A2C3A2CCA2A720086D3AD /* xof256.json */ = {isa = PBXFileReference; lastKnownFileType = text.json; path = xof256.json; sourceTree = "<group>"; };
		8B2A2C3B2CCA2A720086D3AD /* xof128.json */ = {isa = PBXFileReference; lastKnownFileType = text.json; path = xof128.json; sourceTree = "<group>"; };
		8B2A2C3C2CCA2A720086D3AD /* read(_:)-9yx4h.json */ = {isa = PBXFileReference; lastKnownFileType = text.json; path = "read(_:)-9yx4h.json"; sourceTree = "<group>"; };
		8B2A2C3D2CCA2A720086D3AD /* kind.json */ = {isa = PBXFileReference; lastKnownFileType = text.json; path = kind.json; sourceTree = "<group>"; };
		8B2A2C3E2CCA2A720086D3AD /* references.json */ = {isa = PBXFileReference; lastKnownFileType = text.json; path = references.json; sourceTree = "<group>"; };
		8B2A2C3F2CCA2A720086D3AD /* kdf.json */ = {isa = PBXFileReference; lastKnownFileType = text.json; path = kdf.json; sourceTree = "<group>"; };
		8B2A2C412CCA2A720086D3AD /* digest(_:).json */ = {isa = PBXFileReference; lastKnownFileType = text.json; path = "digest(_:).json"; sourceTree = "<group>"; };
		8B2A2C422CCA2A720086D3AD /* init(_:).json */ = {isa = PBXFileReference; lastKnownFileType = text.json; path = "init(_:).json"; sourceTree = "<group>"; };
		8B2A2C432CCA2A720086D3AD /* update(_:).json */ = {isa = PBXFileReference; lastKnownFileType = text.json; path = "update(_:).json"; sourceTree = "<group>"; };
		8B2A2C452CCA2A720086D3AD /* shake128.json */ = {isa = PBXFileReference; lastKnownFileType = text.json; path = shake128.json; sourceTree = "<group>"; };
		8B2A2C462CCA2A720086D3AD /* shake256.json */ = {isa = PBXFileReference; lastKnownFileType = text.json; path = shake256.json; sourceTree = "<group>"; };
		8B2A2C472CCA2A720086D3AD /* !=(_:_:).json */ = {isa = PBXFileReference; lastKnownFileType = text.json; path = "!=(_:_:).json"; sourceTree = "<group>"; };
		8B2A2C482CCA2A720086D3AD /* equatable-implementations.json */ = {isa = PBXFileReference; lastKnownFileType = text.json; path = "equatable-implementations.json"; sourceTree = "<group>"; };
		8B2A2C492CCA2A720086D3AD /* kind.json */ = {isa = PBXFileReference; lastKnownFileType = text.json; path = kind.json; sourceTree = "<group>"; };
		8B2A2C4A2CCA2A720086D3AD /* hmac.json */ = {isa = PBXFileReference; lastKnownFileType = text.json; path = hmac.json; sourceTree = "<group>"; };
		8B2A2C4C2CCA2A720086D3AD /* hex2bytes(_:).json */ = {isa = PBXFileReference; lastKnownFileType = text.json; path = "hex2bytes(_:).json"; sourceTree = "<group>"; };
		8B2A2C4D2CCA2A720086D3AD /* encode(_:_:).json */ = {isa = PBXFileReference; lastKnownFileType = text.json; path = "encode(_:_:).json"; sourceTree = "<group>"; };
		8B2A2C4E2CCA2A720086D3AD /* pemencode(_:_:_:).json */ = {isa = PBXFileReference; lastKnownFileType = text.json; path = "pemencode(_:_:_:).json"; sourceTree = "<group>"; };
		8B2A2C4F2CCA2A720086D3AD /* pemdecode(_:_:).json */ = {isa = PBXFileReference; lastKnownFileType = text.json; path = "pemdecode(_:_:).json"; sourceTree = "<group>"; };
		8B2A2C502CCA2A720086D3AD /* decode(_:).json */ = {isa = PBXFileReference; lastKnownFileType = text.json; path = "decode(_:).json"; sourceTree = "<group>"; };
		8B2A2C512CCA2A720086D3AD /* bytes2hex(_:_:).json */ = {isa = PBXFileReference; lastKnownFileType = text.json; path = "bytes2hex(_:_:).json"; sourceTree = "<group>"; };
		8B2A2C522CCA2A720086D3AD /* xof.json */ = {isa = PBXFileReference; lastKnownFileType = text.json; path = xof.json; sourceTree = "<group>"; };
		8B2A2C542CCA2A720086D3AD /* digest(_:).json */ = {isa = PBXFileReference; lastKnownFileType = text.json; path = "digest(_:).json"; sourceTree = "<group>"; };
		8B2A2C552CCA2A720086D3AD /* init(_:).json */ = {isa = PBXFileReference; lastKnownFileType = text.json; path = "init(_:).json"; sourceTree = "<group>"; };
		8B2A2C562CCA2A720086D3AD /* update(_:).json */ = {isa = PBXFileReference; lastKnownFileType = text.json; path = "update(_:).json"; sourceTree = "<group>"; };
		8B2A2C582CCA2A720086D3AD /* sha3_256.json */ = {isa = PBXFileReference; lastKnownFileType = text.json; path = sha3_256.json; sourceTree = "<group>"; };
		8B2A2C592CCA2A720086D3AD /* sha2_256.json */ = {isa = PBXFileReference; lastKnownFileType = text.json; path = sha2_256.json; sourceTree = "<group>"; };
		8B2A2C5A2CCA2A720086D3AD /* !=(_:_:).json */ = {isa = PBXFileReference; lastKnownFileType = text.json; path = "!=(_:_:).json"; sourceTree = "<group>"; };
		8B2A2C5B2CCA2A720086D3AD /* sha2_512.json */ = {isa = PBXFileReference; lastKnownFileType = text.json; path = sha2_512.json; sourceTree = "<group>"; };
		8B2A2C5C2CCA2A720086D3AD /* sha3_512.json */ = {isa = PBXFileReference; lastKnownFileType = text.json; path = sha3_512.json; sourceTree = "<group>"; };
		8B2A2C5D2CCA2A720086D3AD /* sha1.json */ = {isa = PBXFileReference; lastKnownFileType = text.json; path = sha1.json; sourceTree = "<group>"; };
		8B2A2C5E2CCA2A720086D3AD /* sha2_224.json */ = {isa = PBXFileReference; lastKnownFileType = text.json; path = sha2_224.json; sourceTree = "<group>"; };
		8B2A2C5F2CCA2A720086D3AD /* sha3_224.json */ = {isa = PBXFileReference; lastKnownFileType = text.json; path = sha3_224.json; sourceTree = "<group>"; };
		8B2A2C602CCA2A720086D3AD /* sha2_384.json */ = {isa = PBXFileReference; lastKnownFileType = text.json; path = sha2_384.json; sourceTree = "<group>"; };
		8B2A2C612CCA2A720086D3AD /* sha3_384.json */ = {isa = PBXFileReference; lastKnownFileType = text.json; path = sha3_384.json; sourceTree = "<group>"; };
		8B2A2C622CCA2A720086D3AD /* equatable-implementations.json */ = {isa = PBXFileReference; lastKnownFileType = text.json; path = "equatable-implementations.json"; sourceTree = "<group>"; };
		8B2A2C632CCA2A720086D3AD /* kind.json */ = {isa = PBXFileReference; lastKnownFileType = text.json; path = kind.json; sourceTree = "<group>"; };
		8B2A2C642CCA2A720086D3AD /* reset().json */ = {isa = PBXFileReference; lastKnownFileType = text.json; path = "reset().json"; sourceTree = "<group>"; };
		8B2A2C652CCA2A720086D3AD /* digestlength.json */ = {isa = PBXFileReference; lastKnownFileType = text.json; path = digestlength.json; sourceTree = "<group>"; };
		8B2A2C662CCA2A720086D3AD /* bytes.json */ = {isa = PBXFileReference; lastKnownFileType = text.json; path = bytes.json; sourceTree = "<group>"; };
		8B2A2C672CCA2A720086D3AD /* byte.json */ = {isa = PBXFileReference; lastKnownFileType = text.json; path = byte.json; sourceTree = "<group>"; };
		8B2A2C682CCA2A720086D3AD /* messagedigest.json */ = {isa = PBXFileReference; lastKnownFileType = text.json; path = messagedigest.json; sourceTree = "<group>"; };
		8B2A2C692CCA2A720086D3AD /* base64.json */ = {isa = PBXFileReference; lastKnownFileType = text.json; path = base64.json; sourceTree = "<group>"; };
		8B2A2C6A2CCA2A720086D3AD /* digest.json */ = {isa = PBXFileReference; lastKnownFileType = text.json; path = digest.json; sourceTree = "<group>"; };
		8B2A2C6B2CCA2A720086D3AD /* favicon.svg */ = {isa = PBXFileReference; lastKnownFileType = text; path = favicon.svg; sourceTree = "<group>"; };
		8BFE643F2C78927000DF770C /* Digest.framework */ = {isa = PBXFileReference; explicitFileType = wrapper.framework; includeInIndex = 0; path = Digest.framework; sourceTree = BUILT_PRODUCTS_DIR; };
		8BFE64472C78927000DF770C /* DigestTests.xctest */ = {isa = PBXFileReference; explicitFileType = wrapper.cfbundle; includeInIndex = 0; path = DigestTests.xctest; sourceTree = BUILT_PRODUCTS_DIR; };
		8BFE64582C7892E200DF770C /* Digest.h */ = {isa = PBXFileReference; fileEncoding = 4; lastKnownFileType = sourcecode.c.h; path = Digest.h; sourceTree = "<group>"; };
		8BFE648F2C78934600DF770C /* LICENSE */ = {isa = PBXFileReference; lastKnownFileType = text; path = LICENSE; sourceTree = "<group>"; };
		8BFE64902C78934600DF770C /* Package.swift */ = {isa = PBXFileReference; lastKnownFileType = sourcecode.swift; path = Package.swift; sourceTree = "<group>"; };
		8BFE64912C78934600DF770C /* README.md */ = {isa = PBXFileReference; lastKnownFileType = net.daringfireball.markdown; path = README.md; sourceTree = "<group>"; };
		8BFE64922C78934600DF770C /* Digest.doccarchive */ = {isa = PBXFileReference; lastKnownFileType = wrapper; path = Digest.doccarchive; sourceTree = "<group>"; };
		8BFE64932C78935100DF770C /* .gitignore */ = {isa = PBXFileReference; lastKnownFileType = text; path = .gitignore; sourceTree = "<group>"; };
		8BFE64942C78935100DF770C /* Digest.podspec */ = {isa = PBXFileReference; lastKnownFileType = text; path = Digest.podspec; sourceTree = "<group>"; };
/* End PBXFileReference section */

/* Begin PBXFrameworksBuildPhase section */
		8BFE643C2C78927000DF770C /* Frameworks */ = {
			isa = PBXFrameworksBuildPhase;
			buildActionMask = 2147483647;
			files = (
			);
			runOnlyForDeploymentPostprocessing = 0;
		};
		8BFE64442C78927000DF770C /* Frameworks */ = {
			isa = PBXFrameworksBuildPhase;
			buildActionMask = 2147483647;
			files = (
				8BFE64482C78927000DF770C /* Digest.framework in Frameworks */,
			);
			runOnlyForDeploymentPostprocessing = 0;
		};
/* End PBXFrameworksBuildPhase section */

/* Begin PBXGroup section */
		8B2A2B832CCA2A720086D3AD /* docs */ = {
			isa = PBXGroup;
			children = (
				8B2A2B842CCA2A720086D3AD /* documentation */,
				8B2A2BF52CCA2A720086D3AD /* favicon.ico */,
				8B2A2BF62CCA2A720086D3AD /* index.html */,
				8B2A2BF72CCA2A720086D3AD /* css */,
				8B2A2BFE2CCA2A720086D3AD /* js */,
				8B2A2C1E2CCA2A720086D3AD /* developer-og-twitter.jpg */,
				8B2A2C1F2CCA2A720086D3AD /* metadata.json */,
				8B2A2C202CCA2A720086D3AD /* developer-og.jpg */,
				8B2A2C212CCA2A720086D3AD /* img */,
				8B2A2C252CCA2A720086D3AD /* index */,
				8B2A2C272CCA2A720086D3AD /* data */,
				8B2A2C6B2CCA2A720086D3AD /* favicon.svg */,
			);
			path = docs;
			sourceTree = "<group>";
		};
		8B2A2B842CCA2A720086D3AD /* documentation */ = {
			isa = PBXGroup;
			children = (
				8B2A2B852CCA2A720086D3AD /* digest */,
			);
			path = documentation;
			sourceTree = "<group>";
		};
		8B2A2B852CCA2A720086D3AD /* digest */ = {
			isa = PBXGroup;
			children = (
				8B2A2B862CCA2A720086D3AD /* kdf */,
				8B2A2B8E2CCA2A720086D3AD /* hmac */,
				8B2A2B982CCA2A720086D3AD /* xof */,
				8B2A2BAA2CCA2A720086D3AD /* index.html */,
				8B2A2BAB2CCA2A720086D3AD /* bytes */,
				8B2A2BAD2CCA2A720086D3AD /* shake */,
				8B2A2BBF2CCA2A720086D3AD /* references */,
				8B2A2BC12CCA2A720086D3AD /* base64 */,
				8B2A2BCF2CCA2A720086D3AD /* messagedigest */,
				8B2A2BF32CCA2A720086D3AD /* byte */,
			);
			path = digest;
			sourceTree = "<group>";
		};
		8B2A2B862CCA2A720086D3AD /* kdf */ = {
			isa = PBXGroup;
			children = (
				8B2A2B872CCA2A720086D3AD /* x963kdf(_:_:_:_:) */,
				8B2A2B892CCA2A720086D3AD /* index.html */,
				8B2A2B8A2CCA2A720086D3AD /* mgf1(_:_:_:) */,
				8B2A2B8C2CCA2A720086D3AD /* hkdf(_:_:_:_:_:) */,
			);
			path = kdf;
			sourceTree = "<group>";
		};
		8B2A2B872CCA2A720086D3AD /* x963kdf(_:_:_:_:) */ = {
			isa = PBXGroup;
			children = (
				8B2A2B882CCA2A720086D3AD /* index.html */,
			);
			path = "x963kdf(_:_:_:_:)";
			sourceTree = "<group>";
		};
		8B2A2B8A2CCA2A720086D3AD /* mgf1(_:_:_:) */ = {
			isa = PBXGroup;
			children = (
				8B2A2B8B2CCA2A720086D3AD /* index.html */,
			);
			path = "mgf1(_:_:_:)";
			sourceTree = "<group>";
		};
		8B2A2B8C2CCA2A720086D3AD /* hkdf(_:_:_:_:_:) */ = {
			isa = PBXGroup;
			children = (
				8B2A2B8D2CCA2A720086D3AD /* index.html */,
			);
			path = "hkdf(_:_:_:_:_:)";
			sourceTree = "<group>";
		};
		8B2A2B8E2CCA2A720086D3AD /* hmac */ = {
			isa = PBXGroup;
			children = (
				8B2A2B8F2CCA2A720086D3AD /* index.html */,
				8B2A2B902CCA2A720086D3AD /* compute(_:) */,
				8B2A2B922CCA2A720086D3AD /* init(_:_:) */,
				8B2A2B942CCA2A720086D3AD /* update(_:) */,
				8B2A2B962CCA2A720086D3AD /* reset() */,
			);
			path = hmac;
			sourceTree = "<group>";
		};
		8B2A2B902CCA2A720086D3AD /* compute(_:) */ = {
			isa = PBXGroup;
			children = (
				8B2A2B912CCA2A720086D3AD /* index.html */,
			);
			path = "compute(_:)";
			sourceTree = "<group>";
		};
		8B2A2B922CCA2A720086D3AD /* init(_:_:) */ = {
			isa = PBXGroup;
			children = (
				8B2A2B932CCA2A720086D3AD /* index.html */,
			);
			path = "init(_:_:)";
			sourceTree = "<group>";
		};
		8B2A2B942CCA2A720086D3AD /* update(_:) */ = {
			isa = PBXGroup;
			children = (
				8B2A2B952CCA2A720086D3AD /* index.html */,
			);
			path = "update(_:)";
			sourceTree = "<group>";
		};
		8B2A2B962CCA2A720086D3AD /* reset() */ = {
			isa = PBXGroup;
			children = (
				8B2A2B972CCA2A720086D3AD /* index.html */,
			);
			path = "reset()";
			sourceTree = "<group>";
		};
		8B2A2B982CCA2A720086D3AD /* xof */ = {
			isa = PBXGroup;
			children = (
				8B2A2B992CCA2A720086D3AD /* index.html */,
				8B2A2B9A2CCA2A720086D3AD /* read(_:)-9yx4h */,
				8B2A2B9C2CCA2A720086D3AD /* init(_:_:) */,
				8B2A2B9E2CCA2A720086D3AD /* kind */,
				8B2A2BA82CCA2A720086D3AD /* read(_:)-w5aj */,
			);
			path = xof;
			sourceTree = "<group>";
		};
		8B2A2B9A2CCA2A720086D3AD /* read(_:)-9yx4h */ = {
			isa = PBXGroup;
			children = (
				8B2A2B9B2CCA2A720086D3AD /* index.html */,
			);
			path = "read(_:)-9yx4h";
			sourceTree = "<group>";
		};
		8B2A2B9C2CCA2A720086D3AD /* init(_:_:) */ = {
			isa = PBXGroup;
			children = (
				8B2A2B9D2CCA2A720086D3AD /* index.html */,
			);
			path = "init(_:_:)";
			sourceTree = "<group>";
		};
		8B2A2B9E2CCA2A720086D3AD /* kind */ = {
			isa = PBXGroup;
			children = (
				8B2A2B9F2CCA2A720086D3AD /* xof256 */,
				8B2A2BA12CCA2A720086D3AD /* index.html */,
				8B2A2BA22CCA2A720086D3AD /* xof128 */,
				8B2A2BA42CCA2A720086D3AD /* equatable-implementations */,
				8B2A2BA62CCA2A720086D3AD /* !=(_:_:) */,
			);
			path = kind;
			sourceTree = "<group>";
		};
		8B2A2B9F2CCA2A720086D3AD /* xof256 */ = {
			isa = PBXGroup;
			children = (
				8B2A2BA02CCA2A720086D3AD /* index.html */,
			);
			path = xof256;
			sourceTree = "<group>";
		};
		8B2A2BA22CCA2A720086D3AD /* xof128 */ = {
			isa = PBXGroup;
			children = (
				8B2A2BA32CCA2A720086D3AD /* index.html */,
			);
			path = xof128;
			sourceTree = "<group>";
		};
		8B2A2BA42CCA2A720086D3AD /* equatable-implementations */ = {
			isa = PBXGroup;
			children = (
				8B2A2BA52CCA2A720086D3AD /* index.html */,
			);
			path = "equatable-implementations";
			sourceTree = "<group>";
		};
		8B2A2BA62CCA2A720086D3AD /* !=(_:_:) */ = {
			isa = PBXGroup;
			children = (
				8B2A2BA72CCA2A720086D3AD /* index.html */,
			);
			path = "!=(_:_:)";
			sourceTree = "<group>";
		};
		8B2A2BA82CCA2A720086D3AD /* read(_:)-w5aj */ = {
			isa = PBXGroup;
			children = (
				8B2A2BA92CCA2A720086D3AD /* index.html */,
			);
			path = "read(_:)-w5aj";
			sourceTree = "<group>";
		};
		8B2A2BAB2CCA2A720086D3AD /* bytes */ = {
			isa = PBXGroup;
			children = (
				8B2A2BAC2CCA2A720086D3AD /* index.html */,
			);
			path = bytes;
			sourceTree = "<group>";
		};
		8B2A2BAD2CCA2A720086D3AD /* shake */ = {
			isa = PBXGroup;
			children = (
				8B2A2BAE2CCA2A720086D3AD /* index.html */,
				8B2A2BAF2CCA2A720086D3AD /* init(_:) */,
				8B2A2BB12CCA2A720086D3AD /* update(_:) */,
				8B2A2BB32CCA2A720086D3AD /* kind */,
				8B2A2BBD2CCA2A720086D3AD /* digest(_:) */,
			);
			path = shake;
			sourceTree = "<group>";
		};
		8B2A2BAF2CCA2A720086D3AD /* init(_:) */ = {
			isa = PBXGroup;
			children = (
				8B2A2BB02CCA2A720086D3AD /* index.html */,
			);
			path = "init(_:)";
			sourceTree = "<group>";
		};
		8B2A2BB12CCA2A720086D3AD /* update(_:) */ = {
			isa = PBXGroup;
			children = (
				8B2A2BB22CCA2A720086D3AD /* index.html */,
			);
			path = "update(_:)";
			sourceTree = "<group>";
		};
		8B2A2BB32CCA2A720086D3AD /* kind */ = {
			isa = PBXGroup;
			children = (
				8B2A2BB42CCA2A720086D3AD /* index.html */,
				8B2A2BB52CCA2A720086D3AD /* equatable-implementations */,
				8B2A2BB72CCA2A720086D3AD /* shake128 */,
				8B2A2BB92CCA2A720086D3AD /* shake256 */,
				8B2A2BBB2CCA2A720086D3AD /* !=(_:_:) */,
			);
			path = kind;
			sourceTree = "<group>";
		};
		8B2A2BB52CCA2A720086D3AD /* equatable-implementations */ = {
			isa = PBXGroup;
			children = (
				8B2A2BB62CCA2A720086D3AD /* index.html */,
			);
			path = "equatable-implementations";
			sourceTree = "<group>";
		};
		8B2A2BB72CCA2A720086D3AD /* shake128 */ = {
			isa = PBXGroup;
			children = (
				8B2A2BB82CCA2A720086D3AD /* index.html */,
			);
			path = shake128;
			sourceTree = "<group>";
		};
		8B2A2BB92CCA2A720086D3AD /* shake256 */ = {
			isa = PBXGroup;
			children = (
				8B2A2BBA2CCA2A720086D3AD /* index.html */,
			);
			path = shake256;
			sourceTree = "<group>";
		};
		8B2A2BBB2CCA2A720086D3AD /* !=(_:_:) */ = {
			isa = PBXGroup;
			children = (
				8B2A2BBC2CCA2A720086D3AD /* index.html */,
			);
			path = "!=(_:_:)";
			sourceTree = "<group>";
		};
		8B2A2BBD2CCA2A720086D3AD /* digest(_:) */ = {
			isa = PBXGroup;
			children = (
				8B2A2BBE2CCA2A720086D3AD /* index.html */,
			);
			path = "digest(_:)";
			sourceTree = "<group>";
		};
		8B2A2BBF2CCA2A720086D3AD /* references */ = {
			isa = PBXGroup;
			children = (
				8B2A2BC02CCA2A720086D3AD /* index.html */,
			);
			path = references;
			sourceTree = "<group>";
		};
		8B2A2BC12CCA2A720086D3AD /* base64 */ = {
			isa = PBXGroup;
			children = (
				8B2A2BC22CCA2A720086D3AD /* decode(_:) */,
				8B2A2BC42CCA2A720086D3AD /* bytes2hex(_:_:) */,
				8B2A2BC62CCA2A720086D3AD /* pemencode(_:_:_:) */,
				8B2A2BC82CCA2A720086D3AD /* index.html */,
				8B2A2BC92CCA2A720086D3AD /* hex2bytes(_:) */,
				8B2A2BCB2CCA2A720086D3AD /* pemdecode(_:_:) */,
				8B2A2BCD2CCA2A720086D3AD /* encode(_:_:) */,
			);
			path = base64;
			sourceTree = "<group>";
		};
		8B2A2BC22CCA2A720086D3AD /* decode(_:) */ = {
			isa = PBXGroup;
			children = (
				8B2A2BC32CCA2A720086D3AD /* index.html */,
			);
			path = "decode(_:)";
			sourceTree = "<group>";
		};
		8B2A2BC42CCA2A720086D3AD /* bytes2hex(_:_:) */ = {
			isa = PBXGroup;
			children = (
				8B2A2BC52CCA2A720086D3AD /* index.html */,
			);
			path = "bytes2hex(_:_:)";
			sourceTree = "<group>";
		};
		8B2A2BC62CCA2A720086D3AD /* pemencode(_:_:_:) */ = {
			isa = PBXGroup;
			children = (
				8B2A2BC72CCA2A720086D3AD /* index.html */,
			);
			path = "pemencode(_:_:_:)";
			sourceTree = "<group>";
		};
		8B2A2BC92CCA2A720086D3AD /* hex2bytes(_:) */ = {
			isa = PBXGroup;
			children = (
				8B2A2BCA2CCA2A720086D3AD /* index.html */,
			);
			path = "hex2bytes(_:)";
			sourceTree = "<group>";
		};
		8B2A2BCB2CCA2A720086D3AD /* pemdecode(_:_:) */ = {
			isa = PBXGroup;
			children = (
				8B2A2BCC2CCA2A720086D3AD /* index.html */,
			);
			path = "pemdecode(_:_:)";
			sourceTree = "<group>";
		};
		8B2A2BCD2CCA2A720086D3AD /* encode(_:_:) */ = {
			isa = PBXGroup;
			children = (
				8B2A2BCE2CCA2A720086D3AD /* index.html */,
			);
			path = "encode(_:_:)";
			sourceTree = "<group>";
		};
		8B2A2BCF2CCA2A720086D3AD /* messagedigest */ = {
			isa = PBXGroup;
			children = (
				8B2A2BD02CCA2A720086D3AD /* index.html */,
				8B2A2BD12CCA2A720086D3AD /* digestlength */,
				8B2A2BD32CCA2A720086D3AD /* init(_:) */,
				8B2A2BD52CCA2A720086D3AD /* update(_:) */,
				8B2A2BD72CCA2A720086D3AD /* kind */,
				8B2A2BEF2CCA2A720086D3AD /* digest(_:) */,
				8B2A2BF12CCA2A720086D3AD /* reset() */,
			);
			path = messagedigest;
			sourceTree = "<group>";
		};
		8B2A2BD12CCA2A720086D3AD /* digestlength */ = {
			isa = PBXGroup;
			children = (
				8B2A2BD22CCA2A720086D3AD /* index.html */,
			);
			path = digestlength;
			sourceTree = "<group>";
		};
		8B2A2BD32CCA2A720086D3AD /* init(_:) */ = {
			isa = PBXGroup;
			children = (
				8B2A2BD42CCA2A720086D3AD /* index.html */,
			);
			path = "init(_:)";
			sourceTree = "<group>";
		};
		8B2A2BD52CCA2A720086D3AD /* update(_:) */ = {
			isa = PBXGroup;
			children = (
				8B2A2BD62CCA2A720086D3AD /* index.html */,
			);
			path = "update(_:)";
			sourceTree = "<group>";
		};
		8B2A2BD72CCA2A720086D3AD /* kind */ = {
			isa = PBXGroup;
			children = (
				8B2A2BD82CCA2A720086D3AD /* index.html */,
				8B2A2BD92CCA2A720086D3AD /* sha3_384 */,
				8B2A2BDB2CCA2A720086D3AD /* sha2_384 */,
				8B2A2BDD2CCA2A720086D3AD /* equatable-implementations */,
				8B2A2BDF2CCA2A720086D3AD /* sha3_256 */,
				8B2A2BE12CCA2A720086D3AD /* sha2_256 */,
				8B2A2BE32CCA2A720086D3AD /* sha2_224 */,
				8B2A2BE52CCA2A720086D3AD /* sha3_224 */,
				8B2A2BE72CCA2A720086D3AD /* !=(_:_:) */,
				8B2A2BE92CCA2A720086D3AD /* sha1 */,
				8B2A2BEB2CCA2A720086D3AD /* sha2_512 */,
				8B2A2BED2CCA2A720086D3AD /* sha3_512 */,
			);
			path = kind;
			sourceTree = "<group>";
		};
		8B2A2BD92CCA2A720086D3AD /* sha3_384 */ = {
			isa = PBXGroup;
			children = (
				8B2A2BDA2CCA2A720086D3AD /* index.html */,
			);
			path = sha3_384;
			sourceTree = "<group>";
		};
		8B2A2BDB2CCA2A720086D3AD /* sha2_384 */ = {
			isa = PBXGroup;
			children = (
				8B2A2BDC2CCA2A720086D3AD /* index.html */,
			);
			path = sha2_384;
			sourceTree = "<group>";
		};
		8B2A2BDD2CCA2A720086D3AD /* equatable-implementations */ = {
			isa = PBXGroup;
			children = (
				8B2A2BDE2CCA2A720086D3AD /* index.html */,
			);
			path = "equatable-implementations";
			sourceTree = "<group>";
		};
		8B2A2BDF2CCA2A720086D3AD /* sha3_256 */ = {
			isa = PBXGroup;
			children = (
				8B2A2BE02CCA2A720086D3AD /* index.html */,
			);
			path = sha3_256;
			sourceTree = "<group>";
		};
		8B2A2BE12CCA2A720086D3AD /* sha2_256 */ = {
			isa = PBXGroup;
			children = (
				8B2A2BE22CCA2A720086D3AD /* index.html */,
			);
			path = sha2_256;
			sourceTree = "<group>";
		};
		8B2A2BE32CCA2A720086D3AD /* sha2_224 */ = {
			isa = PBXGroup;
			children = (
				8B2A2BE42CCA2A720086D3AD /* index.html */,
			);
			path = sha2_224;
			sourceTree = "<group>";
		};
		8B2A2BE52CCA2A720086D3AD /* sha3_224 */ = {
			isa = PBXGroup;
			children = (
				8B2A2BE62CCA2A720086D3AD /* index.html */,
			);
			path = sha3_224;
			sourceTree = "<group>";
		};
		8B2A2BE72CCA2A720086D3AD /* !=(_:_:) */ = {
			isa = PBXGroup;
			children = (
				8B2A2BE82CCA2A720086D3AD /* index.html */,
			);
			path = "!=(_:_:)";
			sourceTree = "<group>";
		};
		8B2A2BE92CCA2A720086D3AD /* sha1 */ = {
			isa = PBXGroup;
			children = (
				8B2A2BEA2CCA2A720086D3AD /* index.html */,
			);
			path = sha1;
			sourceTree = "<group>";
		};
		8B2A2BEB2CCA2A720086D3AD /* sha2_512 */ = {
			isa = PBXGroup;
			children = (
				8B2A2BEC2CCA2A720086D3AD /* index.html */,
			);
			path = sha2_512;
			sourceTree = "<group>";
		};
		8B2A2BED2CCA2A720086D3AD /* sha3_512 */ = {
			isa = PBXGroup;
			children = (
				8B2A2BEE2CCA2A720086D3AD /* index.html */,
			);
			path = sha3_512;
			sourceTree = "<group>";
		};
		8B2A2BEF2CCA2A720086D3AD /* digest(_:) */ = {
			isa = PBXGroup;
			children = (
				8B2A2BF02CCA2A720086D3AD /* index.html */,
			);
			path = "digest(_:)";
			sourceTree = "<group>";
		};
		8B2A2BF12CCA2A720086D3AD /* reset() */ = {
			isa = PBXGroup;
			children = (
				8B2A2BF22CCA2A720086D3AD /* index.html */,
			);
			path = "reset()";
			sourceTree = "<group>";
		};
		8B2A2BF32CCA2A720086D3AD /* byte */ = {
			isa = PBXGroup;
			children = (
				8B2A2BF42CCA2A720086D3AD /* index.html */,
			);
			path = byte;
			sourceTree = "<group>";
		};
		8B2A2BF72CCA2A720086D3AD /* css */ = {
			isa = PBXGroup;
			children = (
				8B2A2BF82CCA2A720086D3AD /* topic.4be8f56d.css */,
				8B2A2BF92CCA2A720086D3AD /* index.3a335429.css */,
				8B2A2BFA2CCA2A720086D3AD /* tutorials-overview.7942d777.css */,
				8B2A2BFB2CCA2A720086D3AD /* 866.60f074fd.css */,
				8B2A2BFC2CCA2A720086D3AD /* 989.4f123103.css */,
				8B2A2BFD2CCA2A720086D3AD /* documentation-topic.91c07ba9.css */,
			);
			path = css;
			sourceTree = "<group>";
		};
		8B2A2BFE2CCA2A720086D3AD /* js */ = {
			isa = PBXGroup;
			children = (
				8B2A2BFF2CCA2A720086D3AD /* highlight-js-llvm-js.26121771.js */,
				8B2A2C002CCA2A720086D3AD /* index.a08b31d0.js */,
				8B2A2C012CCA2A720086D3AD /* highlight-js-swift-js.bdd5bff5.js */,
				8B2A2C022CCA2A720086D3AD /* highlight-js-scss-js.adcd11a2.js */,
				8B2A2C032CCA2A720086D3AD /* highlight-js-javascript-js.dfc9d16d.js */,
				8B2A2C042CCA2A720086D3AD /* documentation-topic.09a6ef86.js */,
				8B2A2C052CCA2A720086D3AD /* highlight-js-perl-js.da6eda82.js */,
				8B2A2C062CCA2A720086D3AD /* highlight-js-css-js.bfc4251f.js */,
				8B2A2C072CCA2A720086D3AD /* highlight-js-cpp-js.458a9ae4.js */,
				8B2A2C082CCA2A720086D3AD /* highlight-js-custom-swift.738731d1.js */,
				8B2A2C092CCA2A720086D3AD /* highlight-js-http-js.f78e83c2.js */,
				8B2A2C0A2CCA2A720086D3AD /* highlight-js-shell-js.0ad5b20f.js */,
				8B2A2C0B2CCA2A720086D3AD /* highlight-js-diff-js.4db9a783.js */,
				8B2A2C0C2CCA2A720086D3AD /* highlight-js-ruby-js.7272231f.js */,
				8B2A2C0D2CCA2A720086D3AD /* highlight-js-php-js.c458ffa4.js */,
				8B2A2C0E2CCA2A720086D3AD /* tutorials-overview.acb09e8a.js */,
				8B2A2C0F2CCA2A720086D3AD /* highlight-js-objectivec-js.74dea052.js */,
				8B2A2C102CCA2A720086D3AD /* 337.274a8ccc.js */,
				8B2A2C112CCA2A720086D3AD /* highlight-js-json-js.2a1856ba.js */,
				8B2A2C122CCA2A720086D3AD /* 104.fe5974d0.js */,
				8B2A2C132CCA2A720086D3AD /* highlight-js-custom-markdown.78c9f6ed.js */,
				8B2A2C142CCA2A720086D3AD /* highlight-js-bash-js.702f0c5c.js */,
				8B2A2C152CCA2A720086D3AD /* 866.eea4607d.js */,
				8B2A2C162CCA2A720086D3AD /* highlight-js-python-js.60354774.js */,
				8B2A2C172CCA2A720086D3AD /* highlight-js-xml-js.0d78f903.js */,
				8B2A2C182CCA2A720086D3AD /* 842.49774dc9.js */,
				8B2A2C192CCA2A720086D3AD /* highlight-js-java-js.4fe21e94.js */,
				8B2A2C1A2CCA2A720086D3AD /* highlight-js-c-js.063069d3.js */,
				8B2A2C1B2CCA2A720086D3AD /* highlight-js-markdown-js.a2f456af.js */,
				8B2A2C1C2CCA2A720086D3AD /* topic.37e71576.js */,
				8B2A2C1D2CCA2A720086D3AD /* chunk-vendors.bdb7cbba.js */,
			);
			path = js;
			sourceTree = "<group>";
		};
		8B2A2C212CCA2A720086D3AD /* img */ = {
			isa = PBXGroup;
			children = (
				8B2A2C222CCA2A720086D3AD /* modified-icon.efb2697d.svg */,
				8B2A2C232CCA2A720086D3AD /* deprecated-icon.7bf1740a.svg */,
				8B2A2C242CCA2A720086D3AD /* added-icon.832a5d2c.svg */,
			);
			path = img;
			sourceTree = "<group>";
		};
		8B2A2C252CCA2A720086D3AD /* index */ = {
			isa = PBXGroup;
			children = (
				8B2A2C262CCA2A720086D3AD /* index.json */,
			);
			path = index;
			sourceTree = "<group>";
		};
		8B2A2C272CCA2A720086D3AD /* data */ = {
			isa = PBXGroup;
			children = (
				8B2A2C282CCA2A720086D3AD /* documentation */,
			);
			path = data;
			sourceTree = "<group>";
		};
		8B2A2C282CCA2A720086D3AD /* documentation */ = {
			isa = PBXGroup;
			children = (
				8B2A2C292CCA2A720086D3AD /* digest */,
				8B2A2C6A2CCA2A720086D3AD /* digest.json */,
			);
			path = documentation;
			sourceTree = "<group>";
		};
		8B2A2C292CCA2A720086D3AD /* digest */ = {
			isa = PBXGroup;
			children = (
				8B2A2C2A2CCA2A720086D3AD /* kdf */,
				8B2A2C2E2CCA2A720086D3AD /* hmac */,
				8B2A2C332CCA2A720086D3AD /* shake.json */,
				8B2A2C342CCA2A720086D3AD /* xof */,
				8B2A2C3E2CCA2A720086D3AD /* references.json */,
				8B2A2C3F2CCA2A720086D3AD /* kdf.json */,
				8B2A2C402CCA2A720086D3AD /* shake */,
				8B2A2C4A2CCA2A720086D3AD /* hmac.json */,
				8B2A2C4B2CCA2A720086D3AD /* base64 */,
				8B2A2C522CCA2A720086D3AD /* xof.json */,
				8B2A2C532CCA2A720086D3AD /* messagedigest */,
				8B2A2C662CCA2A720086D3AD /* bytes.json */,
				8B2A2C672CCA2A720086D3AD /* byte.json */,
				8B2A2C682CCA2A720086D3AD /* messagedigest.json */,
				8B2A2C692CCA2A720086D3AD /* base64.json */,
			);
			path = digest;
			sourceTree = "<group>";
		};
		8B2A2C2A2CCA2A720086D3AD /* kdf */ = {
			isa = PBXGroup;
			children = (
				8B2A2C2B2CCA2A720086D3AD /* x963kdf(_:_:_:_:).json */,
				8B2A2C2C2CCA2A720086D3AD /* mgf1(_:_:_:).json */,
				8B2A2C2D2CCA2A720086D3AD /* hkdf(_:_:_:_:_:).json */,
			);
			path = kdf;
			sourceTree = "<group>";
		};
		8B2A2C2E2CCA2A720086D3AD /* hmac */ = {
			isa = PBXGroup;
			children = (
				8B2A2C2F2CCA2A720086D3AD /* update(_:).json */,
				8B2A2C302CCA2A720086D3AD /* init(_:_:).json */,
				8B2A2C312CCA2A720086D3AD /* compute(_:).json */,
				8B2A2C322CCA2A720086D3AD /* reset().json */,
			);
			path = hmac;
			sourceTree = "<group>";
		};
		8B2A2C342CCA2A720086D3AD /* xof */ = {
			isa = PBXGroup;
			children = (
				8B2A2C352CCA2A720086D3AD /* read(_:)-w5aj.json */,
				8B2A2C362CCA2A720086D3AD /* init(_:_:).json */,
				8B2A2C372CCA2A720086D3AD /* kind */,
				8B2A2C3C2CCA2A720086D3AD /* read(_:)-9yx4h.json */,
				8B2A2C3D2CCA2A720086D3AD /* kind.json */,
			);
			path = xof;
			sourceTree = "<group>";
		};
		8B2A2C372CCA2A720086D3AD /* kind */ = {
			isa = PBXGroup;
			children = (
				8B2A2C382CCA2A720086D3AD /* !=(_:_:).json */,
				8B2A2C392CCA2A720086D3AD /* equatable-implementations.json */,
				8B2A2C3A2CCA2A720086D3AD /* xof256.json */,
				8B2A2C3B2CCA2A720086D3AD /* xof128.json */,
			);
			path = kind;
			sourceTree = "<group>";
		};
		8B2A2C402CCA2A720086D3AD /* shake */ = {
			isa = PBXGroup;
			children = (
				8B2A2C412CCA2A720086D3AD /* digest(_:).json */,
				8B2A2C422CCA2A720086D3AD /* init(_:).json */,
				8B2A2C432CCA2A720086D3AD /* update(_:).json */,
				8B2A2C442CCA2A720086D3AD /* kind */,
				8B2A2C492CCA2A720086D3AD /* kind.json */,
			);
			path = shake;
			sourceTree = "<group>";
		};
		8B2A2C442CCA2A720086D3AD /* kind */ = {
			isa = PBXGroup;
			children = (
				8B2A2C452CCA2A720086D3AD /* shake128.json */,
				8B2A2C462CCA2A720086D3AD /* shake256.json */,
				8B2A2C472CCA2A720086D3AD /* !=(_:_:).json */,
				8B2A2C482CCA2A720086D3AD /* equatable-implementations.json */,
			);
			path = kind;
			sourceTree = "<group>";
		};
		8B2A2C4B2CCA2A720086D3AD /* base64 */ = {
			isa = PBXGroup;
			children = (
				8B2A2C4C2CCA2A720086D3AD /* hex2bytes(_:).json */,
				8B2A2C4D2CCA2A720086D3AD /* encode(_:_:).json */,
				8B2A2C4E2CCA2A720086D3AD /* pemencode(_:_:_:).json */,
				8B2A2C4F2CCA2A720086D3AD /* pemdecode(_:_:).json */,
				8B2A2C502CCA2A720086D3AD /* decode(_:).json */,
				8B2A2C512CCA2A720086D3AD /* bytes2hex(_:_:).json */,
			);
			path = base64;
			sourceTree = "<group>";
		};
		8B2A2C532CCA2A720086D3AD /* messagedigest */ = {
			isa = PBXGroup;
			children = (
				8B2A2C542CCA2A720086D3AD /* digest(_:).json */,
				8B2A2C552CCA2A720086D3AD /* init(_:).json */,
				8B2A2C562CCA2A720086D3AD /* update(_:).json */,
				8B2A2C572CCA2A720086D3AD /* kind */,
				8B2A2C632CCA2A720086D3AD /* kind.json */,
				8B2A2C642CCA2A720086D3AD /* reset().json */,
				8B2A2C652CCA2A720086D3AD /* digestlength.json */,
			);
			path = messagedigest;
			sourceTree = "<group>";
		};
		8B2A2C572CCA2A720086D3AD /* kind */ = {
			isa = PBXGroup;
			children = (
				8B2A2C582CCA2A720086D3AD /* sha3_256.json */,
				8B2A2C592CCA2A720086D3AD /* sha2_256.json */,
				8B2A2C5A2CCA2A720086D3AD /* !=(_:_:).json */,
				8B2A2C5B2CCA2A720086D3AD /* sha2_512.json */,
				8B2A2C5C2CCA2A720086D3AD /* sha3_512.json */,
				8B2A2C5D2CCA2A720086D3AD /* sha1.json */,
				8B2A2C5E2CCA2A720086D3AD /* sha2_224.json */,
				8B2A2C5F2CCA2A720086D3AD /* sha3_224.json */,
				8B2A2C602CCA2A720086D3AD /* sha2_384.json */,
				8B2A2C612CCA2A720086D3AD /* sha3_384.json */,
				8B2A2C622CCA2A720086D3AD /* equatable-implementations.json */,
			);
			path = kind;
			sourceTree = "<group>";
		};
		8BFE64352C78927000DF770C = {
			isa = PBXGroup;
			children = (
				8B2A2B832CCA2A720086D3AD /* docs */,
				8BFE64572C7892E200DF770C /* Sources */,
				8BFE64752C78933600DF770C /* Tests */,
				8BFE64932C78935100DF770C /* .gitignore */,
				8BFE64922C78934600DF770C /* Digest.doccarchive */,
				8BFE648F2C78934600DF770C /* LICENSE */,
				8BFE64912C78934600DF770C /* README.md */,
				8BFE64942C78935100DF770C /* Digest.podspec */,
				8BFE64902C78934600DF770C /* Package.swift */,
				8BFE64402C78927000DF770C /* Products */,
			);
			sourceTree = "<group>";
		};
		8BFE64402C78927000DF770C /* Products */ = {
			isa = PBXGroup;
			children = (
				8BFE643F2C78927000DF770C /* Digest.framework */,
				8BFE64472C78927000DF770C /* DigestTests.xctest */,
			);
			name = Products;
			sourceTree = "<group>";
		};
		8BFE64572C7892E200DF770C /* Sources */ = {
			isa = PBXGroup;
			children = (
				8BFE64592C7892E200DF770C /* Digest */,
				8BFE64582C7892E200DF770C /* Digest.h */,
			);
			path = Sources;
			sourceTree = "<group>";
		};
		8BFE64592C7892E200DF770C /* Digest */ = {
			isa = PBXGroup;
			children = (
				8B2A2B762CCA28830086D3AD /* Digest.docc */,
				8B2A2B732CCA28820086D3AD /* PrivacyInfo.xcprivacy */,
				8B2A2B6F2CCA28820086D3AD /* Base64.swift */,
				8B2A2B742CCA28820086D3AD /* HMAC.swift */,
				8B2A2B782CCA28830086D3AD /* KDF.swift */,
				8B2A2B752CCA28820086D3AD /* MD.swift */,
				8B2A2B712CCA28820086D3AD /* SHA1.swift */,
				8B2A2B722CCA28820086D3AD /* SHA2.swift */,
				8B2A2B702CCA28820086D3AD /* SHA3.swift */,
				8B2A2B772CCA28830086D3AD /* SHAKE.swift */,
				8B2A2B6E2CCA28820086D3AD /* XOF.swift */,
			);
			path = Digest;
			sourceTree = "<group>";
		};
		8BFE64752C78933600DF770C /* Tests */ = {
			isa = PBXGroup;
			children = (
				8BFE64762C78933600DF770C /* DigestTests */,
			);
			path = Tests;
			sourceTree = "<group>";
		};
		8BFE64762C78933600DF770C /* DigestTests */ = {
			isa = PBXGroup;
			children = (
				8B2A2B582CCA28480086D3AD /* Base64Test.swift */,
				8B2A2B622CCA28480086D3AD /* Hex2BytesTest.swift */,
				8B2A2B5E2CCA28480086D3AD /* HKDFTest.swift */,
				8B2A2B5F2CCA28480086D3AD /* HMACTest.swift */,
				8B2A2B612CCA28480086D3AD /* MGF1Test.swift */,
				8B2A2B5D2CCA28480086D3AD /* SHA1Test.swift */,
				8B2A2B592CCA28480086D3AD /* SHA2Test.swift */,
				8B2A2B5A2CCA28480086D3AD /* SHA3Test.swift */,
				8B2A2B602CCA28480086D3AD /* SHAKETest.swift */,
				8B2A2B5B2CCA28480086D3AD /* Util.swift */,
				8B2A2B5C2CCA28480086D3AD /* XOFTest.swift */,
			);
			path = DigestTests;
			sourceTree = "<group>";
		};
/* End PBXGroup section */

/* Begin PBXHeadersBuildPhase section */
		8BFE643A2C78927000DF770C /* Headers */ = {
			isa = PBXHeadersBuildPhase;
			buildActionMask = 2147483647;
			files = (
				8BFE64672C7892E200DF770C /* Digest.h in Headers */,
			);
			runOnlyForDeploymentPostprocessing = 0;
		};
/* End PBXHeadersBuildPhase section */

/* Begin PBXNativeTarget section */
		8BFE643E2C78927000DF770C /* Digest */ = {
			isa = PBXNativeTarget;
			buildConfigurationList = 8BFE64512C78927000DF770C /* Build configuration list for PBXNativeTarget "Digest" */;
			buildPhases = (
				8BFE643A2C78927000DF770C /* Headers */,
				8BFE643B2C78927000DF770C /* Sources */,
				8BFE643C2C78927000DF770C /* Frameworks */,
				8BFE643D2C78927000DF770C /* Resources */,
			);
			buildRules = (
			);
			dependencies = (
			);
			name = Digest;
			productName = Digest;
			productReference = 8BFE643F2C78927000DF770C /* Digest.framework */;
			productType = "com.apple.product-type.framework";
		};
		8BFE64462C78927000DF770C /* DigestTests */ = {
			isa = PBXNativeTarget;
			buildConfigurationList = 8BFE64542C78927000DF770C /* Build configuration list for PBXNativeTarget "DigestTests" */;
			buildPhases = (
				8BFE64432C78927000DF770C /* Sources */,
				8BFE64442C78927000DF770C /* Frameworks */,
				8BFE64452C78927000DF770C /* Resources */,
			);
			buildRules = (
			);
			dependencies = (
				8BFE644A2C78927000DF770C /* PBXTargetDependency */,
			);
			name = DigestTests;
			productName = DigestTests;
			productReference = 8BFE64472C78927000DF770C /* DigestTests.xctest */;
			productType = "com.apple.product-type.bundle.unit-test";
		};
/* End PBXNativeTarget section */

/* Begin PBXProject section */
		8BFE64362C78927000DF770C /* Project object */ = {
			isa = PBXProject;
			attributes = {
				BuildIndependentTargetsInParallel = 1;
				LastSwiftUpdateCheck = 1520;
				LastUpgradeCheck = 1520;
				TargetAttributes = {
					8BFE643E2C78927000DF770C = {
						CreatedOnToolsVersion = 15.2;
					};
					8BFE64462C78927000DF770C = {
						CreatedOnToolsVersion = 15.2;
						LastSwiftMigration = 1520;
					};
				};
			};
			buildConfigurationList = 8BFE64392C78927000DF770C /* Build configuration list for PBXProject "Digest" */;
			compatibilityVersion = "Xcode 14.0";
			developmentRegion = en;
			hasScannedForEncodings = 0;
			knownRegions = (
				en,
				Base,
			);
			mainGroup = 8BFE64352C78927000DF770C;
			productRefGroup = 8BFE64402C78927000DF770C /* Products */;
			projectDirPath = "";
			projectRoot = "";
			targets = (
				8BFE643E2C78927000DF770C /* Digest */,
				8BFE64462C78927000DF770C /* DigestTests */,
			);
		};
/* End PBXProject section */

/* Begin PBXResourcesBuildPhase section */
		8BFE643D2C78927000DF770C /* Resources */ = {
			isa = PBXResourcesBuildPhase;
			buildActionMask = 2147483647;
			files = (
				8B2A2B7D2CCA288F0086D3AD /* PrivacyInfo.xcprivacy in Resources */,
			);
			runOnlyForDeploymentPostprocessing = 0;
		};
		8BFE64452C78927000DF770C /* Resources */ = {
			isa = PBXResourcesBuildPhase;
			buildActionMask = 2147483647;
			files = (
			);
			runOnlyForDeploymentPostprocessing = 0;
		};
/* End PBXResourcesBuildPhase section */

/* Begin PBXSourcesBuildPhase section */
		8BFE643B2C78927000DF770C /* Sources */ = {
			isa = PBXSourcesBuildPhase;
			buildActionMask = 2147483647;
			files = (
				8B2A2B7C2CCA288F0086D3AD /* Base64.swift in Sources */,
				8B2A2B7E2CCA288F0086D3AD /* HMAC.swift in Sources */,
				8B2A2B802CCA288F0086D3AD /* MD.swift in Sources */,
				8B2A2B812CCA288F0086D3AD /* SHA2.swift in Sources */,
				8B2A2B7F2CCA288F0086D3AD /* SHA3.swift in Sources */,
				8B2A2B792CCA288F0086D3AD /* SHAKE.swift in Sources */,
				8B2A2B7A2CCA288F0086D3AD /* KDF.swift in Sources */,
				8B2A2B822CCA288F0086D3AD /* XOF.swift in Sources */,
				8B2A2B7B2CCA288F0086D3AD /* SHA1.swift in Sources */,
			);
			runOnlyForDeploymentPostprocessing = 0;
		};
		8BFE64432C78927000DF770C /* Sources */ = {
			isa = PBXSourcesBuildPhase;
			buildActionMask = 2147483647;
			files = (
				8B2A2B692CCA28480086D3AD /* HKDFTest.swift in Sources */,
				8B2A2B632CCA28480086D3AD /* Base64Test.swift in Sources */,
				8B2A2B6C2CCA28480086D3AD /* MGF1Test.swift in Sources */,
				8B2A2B6D2CCA28480086D3AD /* Hex2BytesTest.swift in Sources */,
				8B2A2B6A2CCA28480086D3AD /* HMACTest.swift in Sources */,
				8B2A2B652CCA28480086D3AD /* SHA3Test.swift in Sources */,
				8B2A2B682CCA28480086D3AD /* SHA1Test.swift in Sources */,
				8B2A2B642CCA28480086D3AD /* SHA2Test.swift in Sources */,
				8B2A2B662CCA28480086D3AD /* Util.swift in Sources */,
				8B2A2B6B2CCA28480086D3AD /* SHAKETest.swift in Sources */,
				8B2A2B672CCA28480086D3AD /* XOFTest.swift in Sources */,
			);
			runOnlyForDeploymentPostprocessing = 0;
		};
/* End PBXSourcesBuildPhase section */

/* Begin PBXTargetDependency section */
		8BFE644A2C78927000DF770C /* PBXTargetDependency */ = {
			isa = PBXTargetDependency;
			target = 8BFE643E2C78927000DF770C /* Digest */;
			targetProxy = 8BFE64492C78927000DF770C /* PBXContainerItemProxy */;
		};
/* End PBXTargetDependency section */

/* Begin XCBuildConfiguration section */
		8BFE644F2C78927000DF770C /* Debug */ = {
			isa = XCBuildConfiguration;
			buildSettings = {
				ALWAYS_SEARCH_USER_PATHS = NO;
				ASSETCATALOG_COMPILER_GENERATE_SWIFT_ASSET_SYMBOL_EXTENSIONS = YES;
				CLANG_ANALYZER_NONNULL = YES;
				CLANG_ANALYZER_NUMBER_OBJECT_CONVERSION = YES_AGGRESSIVE;
				CLANG_CXX_LANGUAGE_STANDARD = "gnu++20";
				CLANG_ENABLE_MODULES = YES;
				CLANG_ENABLE_OBJC_ARC = YES;
				CLANG_ENABLE_OBJC_WEAK = YES;
				CLANG_WARN_BLOCK_CAPTURE_AUTORELEASING = YES;
				CLANG_WARN_BOOL_CONVERSION = YES;
				CLANG_WARN_COMMA = YES;
				CLANG_WARN_CONSTANT_CONVERSION = YES;
				CLANG_WARN_DEPRECATED_OBJC_IMPLEMENTATIONS = YES;
				CLANG_WARN_DIRECT_OBJC_ISA_USAGE = YES_ERROR;
				CLANG_WARN_DOCUMENTATION_COMMENTS = YES;
				CLANG_WARN_EMPTY_BODY = YES;
				CLANG_WARN_ENUM_CONVERSION = YES;
				CLANG_WARN_INFINITE_RECURSION = YES;
				CLANG_WARN_INT_CONVERSION = YES;
				CLANG_WARN_NON_LITERAL_NULL_CONVERSION = YES;
				CLANG_WARN_OBJC_IMPLICIT_RETAIN_SELF = YES;
				CLANG_WARN_OBJC_LITERAL_CONVERSION = YES;
				CLANG_WARN_OBJC_ROOT_CLASS = YES_ERROR;
				CLANG_WARN_QUOTED_INCLUDE_IN_FRAMEWORK_HEADER = YES;
				CLANG_WARN_RANGE_LOOP_ANALYSIS = YES;
				CLANG_WARN_STRICT_PROTOTYPES = YES;
				CLANG_WARN_SUSPICIOUS_MOVE = YES;
				CLANG_WARN_UNGUARDED_AVAILABILITY = YES_AGGRESSIVE;
				CLANG_WARN_UNREACHABLE_CODE = YES;
				CLANG_WARN__DUPLICATE_METHOD_MATCH = YES;
				COPY_PHASE_STRIP = NO;
				CURRENT_PROJECT_VERSION = 1;
				DEBUG_INFORMATION_FORMAT = dwarf;
				ENABLE_STRICT_OBJC_MSGSEND = YES;
				ENABLE_TESTABILITY = YES;
				ENABLE_USER_SCRIPT_SANDBOXING = YES;
				GCC_C_LANGUAGE_STANDARD = gnu17;
				GCC_DYNAMIC_NO_PIC = NO;
				GCC_NO_COMMON_BLOCKS = YES;
				GCC_OPTIMIZATION_LEVEL = 0;
				GCC_PREPROCESSOR_DEFINITIONS = (
					"DEBUG=1",
					"$(inherited)",
				);
				GCC_WARN_64_TO_32_BIT_CONVERSION = YES;
				GCC_WARN_ABOUT_RETURN_TYPE = YES_ERROR;
				GCC_WARN_UNDECLARED_SELECTOR = YES;
				GCC_WARN_UNINITIALIZED_AUTOS = YES_AGGRESSIVE;
				GCC_WARN_UNUSED_FUNCTION = YES;
				GCC_WARN_UNUSED_VARIABLE = YES;
				LOCALIZATION_PREFERS_STRING_CATALOGS = YES;
				MTL_ENABLE_DEBUG_INFO = INCLUDE_SOURCE;
				MTL_FAST_MATH = YES;
				ONLY_ACTIVE_ARCH = YES;
				SWIFT_ACTIVE_COMPILATION_CONDITIONS = "DEBUG $(inherited)";
				SWIFT_OPTIMIZATION_LEVEL = "-Onone";
				VERSIONING_SYSTEM = "apple-generic";
				VERSION_INFO_PREFIX = "";
			};
			name = Debug;
		};
		8BFE64502C78927000DF770C /* Release */ = {
			isa = XCBuildConfiguration;
			buildSettings = {
				ALWAYS_SEARCH_USER_PATHS = NO;
				ASSETCATALOG_COMPILER_GENERATE_SWIFT_ASSET_SYMBOL_EXTENSIONS = YES;
				CLANG_ANALYZER_NONNULL = YES;
				CLANG_ANALYZER_NUMBER_OBJECT_CONVERSION = YES_AGGRESSIVE;
				CLANG_CXX_LANGUAGE_STANDARD = "gnu++20";
				CLANG_ENABLE_MODULES = YES;
				CLANG_ENABLE_OBJC_ARC = YES;
				CLANG_ENABLE_OBJC_WEAK = YES;
				CLANG_WARN_BLOCK_CAPTURE_AUTORELEASING = YES;
				CLANG_WARN_BOOL_CONVERSION = YES;
				CLANG_WARN_COMMA = YES;
				CLANG_WARN_CONSTANT_CONVERSION = YES;
				CLANG_WARN_DEPRECATED_OBJC_IMPLEMENTATIONS = YES;
				CLANG_WARN_DIRECT_OBJC_ISA_USAGE = YES_ERROR;
				CLANG_WARN_DOCUMENTATION_COMMENTS = YES;
				CLANG_WARN_EMPTY_BODY = YES;
				CLANG_WARN_ENUM_CONVERSION = YES;
				CLANG_WARN_INFINITE_RECURSION = YES;
				CLANG_WARN_INT_CONVERSION = YES;
				CLANG_WARN_NON_LITERAL_NULL_CONVERSION = YES;
				CLANG_WARN_OBJC_IMPLICIT_RETAIN_SELF = YES;
				CLANG_WARN_OBJC_LITERAL_CONVERSION = YES;
				CLANG_WARN_OBJC_ROOT_CLASS = YES_ERROR;
				CLANG_WARN_QUOTED_INCLUDE_IN_FRAMEWORK_HEADER = YES;
				CLANG_WARN_RANGE_LOOP_ANALYSIS = YES;
				CLANG_WARN_STRICT_PROTOTYPES = YES;
				CLANG_WARN_SUSPICIOUS_MOVE = YES;
				CLANG_WARN_UNGUARDED_AVAILABILITY = YES_AGGRESSIVE;
				CLANG_WARN_UNREACHABLE_CODE = YES;
				CLANG_WARN__DUPLICATE_METHOD_MATCH = YES;
				COPY_PHASE_STRIP = NO;
				CURRENT_PROJECT_VERSION = 1;
				DEBUG_INFORMATION_FORMAT = "dwarf-with-dsym";
				ENABLE_NS_ASSERTIONS = NO;
				ENABLE_STRICT_OBJC_MSGSEND = YES;
				ENABLE_USER_SCRIPT_SANDBOXING = YES;
				GCC_C_LANGUAGE_STANDARD = gnu17;
				GCC_NO_COMMON_BLOCKS = YES;
				GCC_WARN_64_TO_32_BIT_CONVERSION = YES;
				GCC_WARN_ABOUT_RETURN_TYPE = YES_ERROR;
				GCC_WARN_UNDECLARED_SELECTOR = YES;
				GCC_WARN_UNINITIALIZED_AUTOS = YES_AGGRESSIVE;
				GCC_WARN_UNUSED_FUNCTION = YES;
				GCC_WARN_UNUSED_VARIABLE = YES;
				LOCALIZATION_PREFERS_STRING_CATALOGS = YES;
				MTL_ENABLE_DEBUG_INFO = NO;
				MTL_FAST_MATH = YES;
				SWIFT_COMPILATION_MODE = wholemodule;
				VERSIONING_SYSTEM = "apple-generic";
				VERSION_INFO_PREFIX = "";
			};
			name = Release;
		};
		8BFE64522C78927000DF770C /* Debug */ = {
			isa = XCBuildConfiguration;
			buildSettings = {
				CODE_SIGN_STYLE = Automatic;
				CURRENT_PROJECT_VERSION = 7;
				DEFINES_MODULE = YES;
				DYLIB_COMPATIBILITY_VERSION = 1;
				DYLIB_CURRENT_VERSION = 1;
				DYLIB_INSTALL_NAME_BASE = "@rpath";
				ENABLE_MODULE_VERIFIER = YES;
				EXCLUDED_ARCHS = "";
				GENERATE_INFOPLIST_FILE = YES;
				INFOPLIST_KEY_NSHumanReadableCopyright = "";
				INSTALL_PATH = "$(LOCAL_LIBRARY_DIR)/Frameworks";
				IPHONEOS_DEPLOYMENT_TARGET = 11.0;
				LD_RUNPATH_SEARCH_PATHS = (
					"@executable_path/Frameworks",
					"@loader_path/Frameworks",
				);
				"LD_RUNPATH_SEARCH_PATHS[sdk=macosx*]" = (
					"@executable_path/../Frameworks",
					"@loader_path/Frameworks",
				);
				MACOSX_DEPLOYMENT_TARGET = 13.6;
				MARKETING_VERSION = 1.9.1;
				MODULE_VERIFIER_SUPPORTED_LANGUAGES = "objective-c objective-c++";
				MODULE_VERIFIER_SUPPORTED_LANGUAGE_STANDARDS = "gnu17 gnu++20";
				PRODUCT_BUNDLE_IDENTIFIER = org.zeit.digest;
				PRODUCT_NAME = "$(TARGET_NAME:c99extidentifier)";
				SDKROOT = auto;
				SKIP_INSTALL = YES;
				SUPPORTED_PLATFORMS = "appletvos appletvsimulator iphoneos iphonesimulator macosx watchos watchsimulator xros xrsimulator";
				SUPPORTS_MACCATALYST = YES;
				SWIFT_EMIT_LOC_STRINGS = YES;
				SWIFT_VERSION = 5.0;
				TARGETED_DEVICE_FAMILY = "1,2,3,4,7";
				TVOS_DEPLOYMENT_TARGET = 11.0;
				WATCHOS_DEPLOYMENT_TARGET = 4.0;
			};
			name = Debug;
		};
		8BFE64532C78927000DF770C /* Release */ = {
			isa = XCBuildConfiguration;
			buildSettings = {
				CODE_SIGN_STYLE = Automatic;
				CURRENT_PROJECT_VERSION = 7;
				DEFINES_MODULE = YES;
				DYLIB_COMPATIBILITY_VERSION = 1;
				DYLIB_CURRENT_VERSION = 1;
				DYLIB_INSTALL_NAME_BASE = "@rpath";
				ENABLE_MODULE_VERIFIER = YES;
				EXCLUDED_ARCHS = "";
				GENERATE_INFOPLIST_FILE = YES;
				INFOPLIST_KEY_NSHumanReadableCopyright = "";
				INSTALL_PATH = "$(LOCAL_LIBRARY_DIR)/Frameworks";
				IPHONEOS_DEPLOYMENT_TARGET = 11.0;
				LD_RUNPATH_SEARCH_PATHS = (
					"@executable_path/Frameworks",
					"@loader_path/Frameworks",
				);
				"LD_RUNPATH_SEARCH_PATHS[sdk=macosx*]" = (
					"@executable_path/../Frameworks",
					"@loader_path/Frameworks",
				);
				MACOSX_DEPLOYMENT_TARGET = 13.6;
				MARKETING_VERSION = 1.9.1;
				MODULE_VERIFIER_SUPPORTED_LANGUAGES = "objective-c objective-c++";
				MODULE_VERIFIER_SUPPORTED_LANGUAGE_STANDARDS = "gnu17 gnu++20";
				PRODUCT_BUNDLE_IDENTIFIER = org.zeit.digest;
				PRODUCT_NAME = "$(TARGET_NAME:c99extidentifier)";
				SDKROOT = auto;
				SKIP_INSTALL = YES;
				SUPPORTED_PLATFORMS = "appletvos appletvsimulator iphoneos iphonesimulator macosx watchos watchsimulator xros xrsimulator";
				SUPPORTS_MACCATALYST = YES;
				SWIFT_EMIT_LOC_STRINGS = YES;
				SWIFT_VERSION = 5.0;
				TARGETED_DEVICE_FAMILY = "1,2,3,4,7";
				TVOS_DEPLOYMENT_TARGET = 11.0;
				WATCHOS_DEPLOYMENT_TARGET = 4.0;
			};
			name = Release;
		};
		8BFE64552C78927000DF770C /* Debug */ = {
			isa = XCBuildConfiguration;
			buildSettings = {
				ALWAYS_EMBED_SWIFT_STANDARD_LIBRARIES = YES;
				CLANG_ENABLE_MODULES = YES;
				CODE_SIGN_STYLE = Automatic;
				CURRENT_PROJECT_VERSION = 1;
				GENERATE_INFOPLIST_FILE = YES;
				IPHONEOS_DEPLOYMENT_TARGET = 17.2;
				MACOSX_DEPLOYMENT_TARGET = 13.6;
				MARKETING_VERSION = 1.0;
				PRODUCT_BUNDLE_IDENTIFIER = org.zeit.DigestTests;
				PRODUCT_NAME = "$(TARGET_NAME)";
				SDKROOT = auto;
				SUPPORTED_PLATFORMS = macosx;
				SUPPORTS_MACCATALYST = NO;
				SWIFT_EMIT_LOC_STRINGS = NO;
				SWIFT_OPTIMIZATION_LEVEL = "-Onone";
				SWIFT_VERSION = 5.0;
			};
			name = Debug;
		};
		8BFE64562C78927000DF770C /* Release */ = {
			isa = XCBuildConfiguration;
			buildSettings = {
				ALWAYS_EMBED_SWIFT_STANDARD_LIBRARIES = YES;
				CLANG_ENABLE_MODULES = YES;
				CODE_SIGN_STYLE = Automatic;
				CURRENT_PROJECT_VERSION = 1;
				GENERATE_INFOPLIST_FILE = YES;
				IPHONEOS_DEPLOYMENT_TARGET = 17.2;
				MACOSX_DEPLOYMENT_TARGET = 13.6;
				MARKETING_VERSION = 1.0;
				PRODUCT_BUNDLE_IDENTIFIER = org.zeit.DigestTests;
				PRODUCT_NAME = "$(TARGET_NAME)";
				SDKROOT = auto;
				SUPPORTED_PLATFORMS = macosx;
				SUPPORTS_MACCATALYST = NO;
				SWIFT_EMIT_LOC_STRINGS = NO;
				SWIFT_VERSION = 5.0;
			};
			name = Release;
		};
/* End XCBuildConfiguration section */

/* Begin XCConfigurationList section */
		8BFE64392C78927000DF770C /* Build configuration list for PBXProject "Digest" */ = {
			isa = XCConfigurationList;
			buildConfigurations = (
				8BFE644F2C78927000DF770C /* Debug */,
				8BFE64502C78927000DF770C /* Release */,
			);
			defaultConfigurationIsVisible = 0;
			defaultConfigurationName = Release;
		};
		8BFE64512C78927000DF770C /* Build configuration list for PBXNativeTarget "Digest" */ = {
			isa = XCConfigurationList;
			buildConfigurations = (
				8BFE64522C78927000DF770C /* Debug */,
				8BFE64532C78927000DF770C /* Release */,
			);
			defaultConfigurationIsVisible = 0;
			defaultConfigurationName = Release;
		};
		8BFE64542C78927000DF770C /* Build configuration list for PBXNativeTarget "DigestTests" */ = {
			isa = XCConfigurationList;
			buildConfigurations = (
				8BFE64552C78927000DF770C /* Debug */,
				8BFE64562C78927000DF770C /* Release */,
			);
			defaultConfigurationIsVisible = 0;
			defaultConfigurationName = Release;
		};
/* End XCConfigurationList section */
	};
	rootObject = 8BFE64362C78927000DF770C /* Project object */;
}
